// !$*UTF8*$!
{
	archiveVersion = 1;
	classes = {
	};
	objectVersion = 46;
	objects = {

/* Begin PBXBuildFile section */
		BC03D77B1D9BA7BC009E11B2 /* stars_bgq.png in Resources */ = {isa = PBXBuildFile; fileRef = BC03D7791D9BA7BC009E11B2 /* stars_bgq.png */; };
		BC03D77C1D9BA7BC009E11B2 /* stars_fg.png in Resources */ = {isa = PBXBuildFile; fileRef = BC03D77A1D9BA7BC009E11B2 /* stars_fg.png */; };
		BC03D77E1D9BAA1B009E11B2 /* stars_bgs.png in Resources */ = {isa = PBXBuildFile; fileRef = BC03D77D1D9BAA1B009E11B2 /* stars_bgs.png */; };
		BC03D7801D9BAEDF009E11B2 /* AttractionDetailVC.swift in Sources */ = {isa = PBXBuildFile; fileRef = BC03D77F1D9BAEDF009E11B2 /* AttractionDetailVC.swift */; };
		BC03D7841D9BECFC009E11B2 /* AttractionDetailView.swift in Sources */ = {isa = PBXBuildFile; fileRef = BC03D7831D9BECFC009E11B2 /* AttractionDetailView.swift */; };
		BC03D7871D9BF79A009E11B2 /* AttractionTagsCell.swift in Sources */ = {isa = PBXBuildFile; fileRef = BC03D7851D9BF79A009E11B2 /* AttractionTagsCell.swift */; };
		BC03D7881D9BF79A009E11B2 /* AttractionTagsCell.xib in Resources */ = {isa = PBXBuildFile; fileRef = BC03D7861D9BF79A009E11B2 /* AttractionTagsCell.xib */; };
		BC03D78B1D9BF9A9009E11B2 /* TagsCell.swift in Sources */ = {isa = PBXBuildFile; fileRef = BC03D7891D9BF9A9009E11B2 /* TagsCell.swift */; };
		BC03D78C1D9BF9A9009E11B2 /* TagsCell.xib in Resources */ = {isa = PBXBuildFile; fileRef = BC03D78A1D9BF9A9009E11B2 /* TagsCell.xib */; };
		BC041DD51D9D4C42008709F1 /* PhotoListVC.swift in Sources */ = {isa = PBXBuildFile; fileRef = BC041DD31D9D4C42008709F1 /* PhotoListVC.swift */; };
		BC041DD61D9D4C42008709F1 /* PhotoListVC.xib in Resources */ = {isa = PBXBuildFile; fileRef = BC041DD41D9D4C42008709F1 /* PhotoListVC.xib */; };
		BC041DD91D9D4D42008709F1 /* AttractionPhotoListCell.swift in Sources */ = {isa = PBXBuildFile; fileRef = BC041DD71D9D4D42008709F1 /* AttractionPhotoListCell.swift */; };
		BC041DDA1D9D4D42008709F1 /* AttractionPhotoListCell.xib in Resources */ = {isa = PBXBuildFile; fileRef = BC041DD81D9D4D42008709F1 /* AttractionPhotoListCell.xib */; };
		BC041DDC1D9D5C9A008709F1 /* CommentVC.swift in Sources */ = {isa = PBXBuildFile; fileRef = BC041DDB1D9D5C9A008709F1 /* CommentVC.swift */; };
		BC371B8F1D913448009E50E2 /* AppDelegate.swift in Sources */ = {isa = PBXBuildFile; fileRef = BC371B8E1D913448009E50E2 /* AppDelegate.swift */; };
		BC371B911D913448009E50E2 /* ViewController.swift in Sources */ = {isa = PBXBuildFile; fileRef = BC371B901D913448009E50E2 /* ViewController.swift */; };
		BC371B941D913448009E50E2 /* Main.storyboard in Resources */ = {isa = PBXBuildFile; fileRef = BC371B921D913448009E50E2 /* Main.storyboard */; };
		BC371B961D913448009E50E2 /* Assets.xcassets in Resources */ = {isa = PBXBuildFile; fileRef = BC371B951D913448009E50E2 /* Assets.xcassets */; };
		BC371B991D913448009E50E2 /* LaunchScreen.storyboard in Resources */ = {isa = PBXBuildFile; fileRef = BC371B971D913448009E50E2 /* LaunchScreen.storyboard */; };
		BC371C141D913460009E50E2 /* CycleImageCell.m in Sources */ = {isa = PBXBuildFile; fileRef = BC371BA31D913460009E50E2 /* CycleImageCell.m */; };
		BC371C151D913460009E50E2 /* XTADScrollView.m in Sources */ = {isa = PBXBuildFile; fileRef = BC371BA51D913460009E50E2 /* XTADScrollView.m */; };
		BC371C161D913460009E50E2 /* JSONModel.m in Sources */ = {isa = PBXBuildFile; fileRef = BC371BA91D913460009E50E2 /* JSONModel.m */; };
		BC371C171D913460009E50E2 /* JSONModelClassProperty.m in Sources */ = {isa = PBXBuildFile; fileRef = BC371BAB1D913460009E50E2 /* JSONModelClassProperty.m */; };
		BC371C181D913460009E50E2 /* JSONModelError.m in Sources */ = {isa = PBXBuildFile; fileRef = BC371BAD1D913460009E50E2 /* JSONModelError.m */; };
		BC371C191D913460009E50E2 /* JSONAPI.m in Sources */ = {isa = PBXBuildFile; fileRef = BC371BB11D913460009E50E2 /* JSONAPI.m */; };
		BC371C1A1D913460009E50E2 /* JSONHTTPClient.m in Sources */ = {isa = PBXBuildFile; fileRef = BC371BB31D913460009E50E2 /* JSONHTTPClient.m */; };
		BC371C1B1D913460009E50E2 /* JSONModel+networking.m in Sources */ = {isa = PBXBuildFile; fileRef = BC371BB51D913460009E50E2 /* JSONModel+networking.m */; };
		BC371C1C1D913460009E50E2 /* JSONKeyMapper.m in Sources */ = {isa = PBXBuildFile; fileRef = BC371BB81D913460009E50E2 /* JSONKeyMapper.m */; };
		BC371C1D1D913460009E50E2 /* JSONValueTransformer.m in Sources */ = {isa = PBXBuildFile; fileRef = BC371BBA1D913460009E50E2 /* JSONValueTransformer.m */; };
		BC371C1E1D913460009E50E2 /* HDManager.m in Sources */ = {isa = PBXBuildFile; fileRef = BC371BBD1D913460009E50E2 /* HDManager.m */; };
		BC371C1F1D913460009E50E2 /* MBProgressHUD.m in Sources */ = {isa = PBXBuildFile; fileRef = BC371BBF1D913460009E50E2 /* MBProgressHUD.m */; };
		BC371C201D913460009E50E2 /* MJRefreshAutoFooter.m in Sources */ = {isa = PBXBuildFile; fileRef = BC371BC31D913460009E50E2 /* MJRefreshAutoFooter.m */; };
		BC371C211D913460009E50E2 /* MJRefreshBackFooter.m in Sources */ = {isa = PBXBuildFile; fileRef = BC371BC51D913460009E50E2 /* MJRefreshBackFooter.m */; };
		BC371C221D913460009E50E2 /* MJRefreshComponent.m in Sources */ = {isa = PBXBuildFile; fileRef = BC371BC71D913460009E50E2 /* MJRefreshComponent.m */; };
		BC371C231D913460009E50E2 /* MJRefreshFooter.m in Sources */ = {isa = PBXBuildFile; fileRef = BC371BC91D913460009E50E2 /* MJRefreshFooter.m */; };
		BC371C241D913460009E50E2 /* MJRefreshHeader.m in Sources */ = {isa = PBXBuildFile; fileRef = BC371BCB1D913460009E50E2 /* MJRefreshHeader.m */; };
		BC371C251D913460009E50E2 /* MJRefreshAutoGifFooter.m in Sources */ = {isa = PBXBuildFile; fileRef = BC371BD01D913460009E50E2 /* MJRefreshAutoGifFooter.m */; };
		BC371C261D913460009E50E2 /* MJRefreshAutoNormalFooter.m in Sources */ = {isa = PBXBuildFile; fileRef = BC371BD21D913460009E50E2 /* MJRefreshAutoNormalFooter.m */; };
		BC371C271D913460009E50E2 /* MJRefreshAutoStateFooter.m in Sources */ = {isa = PBXBuildFile; fileRef = BC371BD41D913460009E50E2 /* MJRefreshAutoStateFooter.m */; };
		BC371C281D913460009E50E2 /* MJRefreshBackGifFooter.m in Sources */ = {isa = PBXBuildFile; fileRef = BC371BD71D913460009E50E2 /* MJRefreshBackGifFooter.m */; };
		BC371C291D913460009E50E2 /* MJRefreshBackNormalFooter.m in Sources */ = {isa = PBXBuildFile; fileRef = BC371BD91D913460009E50E2 /* MJRefreshBackNormalFooter.m */; };
		BC371C2A1D913460009E50E2 /* MJRefreshBackStateFooter.m in Sources */ = {isa = PBXBuildFile; fileRef = BC371BDB1D913460009E50E2 /* MJRefreshBackStateFooter.m */; };
		BC371C2B1D913460009E50E2 /* MJRefreshGifHeader.m in Sources */ = {isa = PBXBuildFile; fileRef = BC371BDE1D913460009E50E2 /* MJRefreshGifHeader.m */; };
		BC371C2C1D913460009E50E2 /* MJRefreshNormalHeader.m in Sources */ = {isa = PBXBuildFile; fileRef = BC371BE01D913460009E50E2 /* MJRefreshNormalHeader.m */; };
		BC371C2D1D913460009E50E2 /* MJRefreshStateHeader.m in Sources */ = {isa = PBXBuildFile; fileRef = BC371BE21D913460009E50E2 /* MJRefreshStateHeader.m */; };
		BC371C2E1D913460009E50E2 /* MJRefresh.bundle in Resources */ = {isa = PBXBuildFile; fileRef = BC371BE31D913460009E50E2 /* MJRefresh.bundle */; };
		BC371C2F1D913460009E50E2 /* MJRefreshConst.m in Sources */ = {isa = PBXBuildFile; fileRef = BC371BE61D913460009E50E2 /* MJRefreshConst.m */; };
		BC371C301D913460009E50E2 /* UIScrollView+MJExtension.m in Sources */ = {isa = PBXBuildFile; fileRef = BC371BE81D913460009E50E2 /* UIScrollView+MJExtension.m */; };
		BC371C311D913460009E50E2 /* UIScrollView+MJRefresh.m in Sources */ = {isa = PBXBuildFile; fileRef = BC371BEA1D913460009E50E2 /* UIScrollView+MJRefresh.m */; };
		BC371C321D913460009E50E2 /* UIView+MJExtension.m in Sources */ = {isa = PBXBuildFile; fileRef = BC371BEC1D913460009E50E2 /* UIView+MJExtension.m */; };
		BC371C351D913460009E50E2 /* MKAnnotationView+WebCache.m in Sources */ = {isa = PBXBuildFile; fileRef = BC371BF41D913460009E50E2 /* MKAnnotationView+WebCache.m */; };
		BC371C361D913460009E50E2 /* NSData+ImageContentType.m in Sources */ = {isa = PBXBuildFile; fileRef = BC371BF61D913460009E50E2 /* NSData+ImageContentType.m */; };
		BC371C371D913460009E50E2 /* SDImageCache.m in Sources */ = {isa = PBXBuildFile; fileRef = BC371BF81D913460009E50E2 /* SDImageCache.m */; };
		BC371C381D913460009E50E2 /* SDWebImageCompat.m in Sources */ = {isa = PBXBuildFile; fileRef = BC371BFA1D913460009E50E2 /* SDWebImageCompat.m */; };
		BC371C391D913460009E50E2 /* SDWebImageDecoder.m in Sources */ = {isa = PBXBuildFile; fileRef = BC371BFC1D913460009E50E2 /* SDWebImageDecoder.m */; };
		BC371C3A1D913460009E50E2 /* SDWebImageDownloader.m in Sources */ = {isa = PBXBuildFile; fileRef = BC371BFE1D913460009E50E2 /* SDWebImageDownloader.m */; };
		BC371C3B1D913460009E50E2 /* SDWebImageDownloaderOperation.m in Sources */ = {isa = PBXBuildFile; fileRef = BC371C001D913460009E50E2 /* SDWebImageDownloaderOperation.m */; };
		BC371C3C1D913460009E50E2 /* SDWebImageManager.m in Sources */ = {isa = PBXBuildFile; fileRef = BC371C021D913460009E50E2 /* SDWebImageManager.m */; };
		BC371C3D1D913460009E50E2 /* SDWebImagePrefetcher.m in Sources */ = {isa = PBXBuildFile; fileRef = BC371C051D913460009E50E2 /* SDWebImagePrefetcher.m */; };
		BC371C3E1D913460009E50E2 /* UIButton+WebCache.m in Sources */ = {isa = PBXBuildFile; fileRef = BC371C071D913460009E50E2 /* UIButton+WebCache.m */; };
		BC371C3F1D913460009E50E2 /* UIImage+GIF.m in Sources */ = {isa = PBXBuildFile; fileRef = BC371C091D913460009E50E2 /* UIImage+GIF.m */; };
		BC371C401D913460009E50E2 /* UIImage+MultiFormat.m in Sources */ = {isa = PBXBuildFile; fileRef = BC371C0B1D913460009E50E2 /* UIImage+MultiFormat.m */; };
		BC371C411D913460009E50E2 /* UIImage+WebP.m in Sources */ = {isa = PBXBuildFile; fileRef = BC371C0D1D913460009E50E2 /* UIImage+WebP.m */; };
		BC371C421D913460009E50E2 /* UIImageView+HighlightedWebCache.m in Sources */ = {isa = PBXBuildFile; fileRef = BC371C0F1D913460009E50E2 /* UIImageView+HighlightedWebCache.m */; };
		BC371C431D913460009E50E2 /* UIImageView+WebCache.m in Sources */ = {isa = PBXBuildFile; fileRef = BC371C111D913460009E50E2 /* UIImageView+WebCache.m */; };
		BC371C441D913460009E50E2 /* UIView+WebCacheOperation.m in Sources */ = {isa = PBXBuildFile; fileRef = BC371C131D913460009E50E2 /* UIView+WebCacheOperation.m */; };
		BC3BE4D71D97AE8900BD3A6A /* ContinentCell.swift in Sources */ = {isa = PBXBuildFile; fileRef = BC3BE4D61D97AE8900BD3A6A /* ContinentCell.swift */; };
		BC3BE4DD1D97C0EC00BD3A6A /* ContinentNetworkManager.swift in Sources */ = {isa = PBXBuildFile; fileRef = BC3BE4DC1D97C0EC00BD3A6A /* ContinentNetworkManager.swift */; };
		BC552E991DA3BCE100CFE302 /* 向上@2x.png in Resources */ = {isa = PBXBuildFile; fileRef = BC552E951DA3BCE100CFE302 /* 向上@2x.png */; };
		BC552E9A1DA3BCE100CFE302 /* 向上@3x.png in Resources */ = {isa = PBXBuildFile; fileRef = BC552E961DA3BCE100CFE302 /* 向上@3x.png */; };
		BC552E9B1DA3BCE100CFE302 /* 向下@2x.png in Resources */ = {isa = PBXBuildFile; fileRef = BC552E971DA3BCE100CFE302 /* 向下@2x.png */; };
		BC552E9C1DA3BCE100CFE302 /* 向下@3x.png in Resources */ = {isa = PBXBuildFile; fileRef = BC552E981DA3BCE100CFE302 /* 向下@3x.png */; };
		BC552EA01DA3CEE200CFE302 /* nav_bg.png in Resources */ = {isa = PBXBuildFile; fileRef = BC552E9F1DA3CEE200CFE302 /* nav_bg.png */; };
		BC552EA71DA3D42400CFE302 /* 热门城市A@2x.png in Resources */ = {isa = PBXBuildFile; fileRef = BC552EA11DA3D42400CFE302 /* 热门城市A@2x.png */; };
		BC552EA81DA3D42400CFE302 /* 热门城市B@2x.png in Resources */ = {isa = PBXBuildFile; fileRef = BC552EA21DA3D42400CFE302 /* 热门城市B@2x.png */; };
		BC552EA91DA3D42400CFE302 /* 我的A@2x.png in Resources */ = {isa = PBXBuildFile; fileRef = BC552EA31DA3D42400CFE302 /* 我的A@2x.png */; };
		BC552EAA1DA3D42400CFE302 /* 我的B@2x.png in Resources */ = {isa = PBXBuildFile; fileRef = BC552EA41DA3D42400CFE302 /* 我的B@2x.png */; };
		BC552EAB1DA3D42400CFE302 /* EarthA@2x.png in Resources */ = {isa = PBXBuildFile; fileRef = BC552EA51DA3D42400CFE302 /* EarthA@2x.png */; };
		BC552EAC1DA3D42400CFE302 /* EarthB@2x.png in Resources */ = {isa = PBXBuildFile; fileRef = BC552EA61DA3D42400CFE302 /* EarthB@2x.png */; };
		BC552EB31DA3D54500CFE302 /* 热门城市A@3x.png in Resources */ = {isa = PBXBuildFile; fileRef = BC552EAD1DA3D54500CFE302 /* 热门城市A@3x.png */; };
		BC552EB41DA3D54500CFE302 /* 热门城市B@3x.png in Resources */ = {isa = PBXBuildFile; fileRef = BC552EAE1DA3D54500CFE302 /* 热门城市B@3x.png */; };
		BC552EB51DA3D54500CFE302 /* 我的A@3x.png in Resources */ = {isa = PBXBuildFile; fileRef = BC552EAF1DA3D54500CFE302 /* 我的A@3x.png */; };
		BC552EB61DA3D54500CFE302 /* 我的B@3x.png in Resources */ = {isa = PBXBuildFile; fileRef = BC552EB01DA3D54500CFE302 /* 我的B@3x.png */; };
		BC552EB71DA3D54500CFE302 /* EarthA@3x.png in Resources */ = {isa = PBXBuildFile; fileRef = BC552EB11DA3D54500CFE302 /* EarthA@3x.png */; };
		BC552EB81DA3D54500CFE302 /* EarthB@3x.png in Resources */ = {isa = PBXBuildFile; fileRef = BC552EB21DA3D54500CFE302 /* EarthB@3x.png */; };
		BC576D351D9373E10084ECB2 /* UIImage+FEBoxBlur.m in Sources */ = {isa = PBXBuildFile; fileRef = BC576D341D9373E10084ECB2 /* UIImage+FEBoxBlur.m */; };
		BC576D3C1D9380350084ECB2 /* CityVC.swift in Sources */ = {isa = PBXBuildFile; fileRef = BC576D3A1D9380350084ECB2 /* CityVC.swift */; };
		BC576D3D1D9380350084ECB2 /* CityVC.xib in Resources */ = {isa = PBXBuildFile; fileRef = BC576D3B1D9380350084ECB2 /* CityVC.xib */; };
		BC647BE81D98F74A00D62DF4 /* CityGuideDetailVC.swift in Sources */ = {isa = PBXBuildFile; fileRef = BC647BE71D98F74A00D62DF4 /* CityGuideDetailVC.swift */; };
		BC647BEC1D990A5500D62DF4 /* nav_back@3x.png in Resources */ = {isa = PBXBuildFile; fileRef = BC647BEA1D990A5500D62DF4 /* nav_back@3x.png */; };
		BC647BEE1D99106F00D62DF4 /* nav_back@2x.png in Resources */ = {isa = PBXBuildFile; fileRef = BC647BED1D99106F00D62DF4 /* nav_back@2x.png */; };
		BC647BF01D99159500D62DF4 /* RentalCarVC.swift in Sources */ = {isa = PBXBuildFile; fileRef = BC647BEF1D99159500D62DF4 /* RentalCarVC.swift */; };
		BC647BF21D9916FF00D62DF4 /* NavBaseVC.swift in Sources */ = {isa = PBXBuildFile; fileRef = BC647BF11D9916FF00D62DF4 /* NavBaseVC.swift */; };
		BC647BF41D991CE900D62DF4 /* RentalCarModels.swift in Sources */ = {isa = PBXBuildFile; fileRef = BC647BF31D991CE900D62DF4 /* RentalCarModels.swift */; };
		BC647BF61D991D0700D62DF4 /* RentalCarNetworkManager.swift in Sources */ = {isa = PBXBuildFile; fileRef = BC647BF51D991D0700D62DF4 /* RentalCarNetworkManager.swift */; };
		BC647BFF1D993A1600D62DF4 /* VehiclesCell.swift in Sources */ = {isa = PBXBuildFile; fileRef = BC647BFD1D993A1600D62DF4 /* VehiclesCell.swift */; };
		BC647C001D993A1600D62DF4 /* VehiclesCell.xib in Resources */ = {isa = PBXBuildFile; fileRef = BC647BFE1D993A1600D62DF4 /* VehiclesCell.xib */; };
		BC647C021D993CAA00D62DF4 /* SuppliersView.swift in Sources */ = {isa = PBXBuildFile; fileRef = BC647C011D993CAA00D62DF4 /* SuppliersView.swift */; };
		BC647C051D99566D00D62DF4 /* nav_message@2x.png in Resources */ = {isa = PBXBuildFile; fileRef = BC647C031D99566C00D62DF4 /* nav_message@2x.png */; };
		BC647C061D99566D00D62DF4 /* nav_message@3x.png in Resources */ = {isa = PBXBuildFile; fileRef = BC647C041D99566C00D62DF4 /* nav_message@3x.png */; };
		BC647C0A1D9958B100D62DF4 /* CompanyCompare.swift in Sources */ = {isa = PBXBuildFile; fileRef = BC647C091D9958B100D62DF4 /* CompanyCompare.swift */; };
		BC647C0D1D995F9500D62DF4 /* CompanyCompareCell.swift in Sources */ = {isa = PBXBuildFile; fileRef = BC647C0B1D995F9500D62DF4 /* CompanyCompareCell.swift */; };
		BC647C0E1D995F9500D62DF4 /* CompanyCompareCell.xib in Resources */ = {isa = PBXBuildFile; fileRef = BC647C0C1D995F9500D62DF4 /* CompanyCompareCell.xib */; };
		BC7FACB21D92B3B80036A963 /* HexColor.swift in Sources */ = {isa = PBXBuildFile; fileRef = BC7FACB11D92B3B80036A963 /* HexColor.swift */; };
		BC7FACB71D92B8A80036A963 /* CityCell.swift in Sources */ = {isa = PBXBuildFile; fileRef = BC7FACB51D92B8A80036A963 /* CityCell.swift */; };
		BC7FACB81D92B8A80036A963 /* CityCell.xib in Resources */ = {isa = PBXBuildFile; fileRef = BC7FACB61D92B8A80036A963 /* CityCell.xib */; };
		BC7FACBA1D92BA660036A963 /* CityModels.swift in Sources */ = {isa = PBXBuildFile; fileRef = BC7FACB91D92BA660036A963 /* CityModels.swift */; };
		BC7FACBC1D92BD440036A963 /* CityNetworkManager.swift in Sources */ = {isa = PBXBuildFile; fileRef = BC7FACBB1D92BD440036A963 /* CityNetworkManager.swift */; };
		BC7FACC21D92C0310036A963 /* CountrysModels.swift in Sources */ = {isa = PBXBuildFile; fileRef = BC7FACC11D92C0310036A963 /* CountrysModels.swift */; };
		BC8548301D9DEF8C001957E1 /* CommentCell.swift in Sources */ = {isa = PBXBuildFile; fileRef = BC85482E1D9DEF8C001957E1 /* CommentCell.swift */; };
		BC8548311D9DEF8C001957E1 /* CommentCell.xib in Resources */ = {isa = PBXBuildFile; fileRef = BC85482F1D9DEF8C001957E1 /* CommentCell.xib */; };
		BC86A93A1D94B39C00E00C4A /* open_up@2x.png in Resources */ = {isa = PBXBuildFile; fileRef = BC86A9361D94B39C00E00C4A /* open_up@2x.png */; };
		BC86A93B1D94B39C00E00C4A /* open_up@3x.png in Resources */ = {isa = PBXBuildFile; fileRef = BC86A9371D94B39C00E00C4A /* open_up@3x.png */; };
		BC86A93C1D94B39C00E00C4A /* pinch@2x.png in Resources */ = {isa = PBXBuildFile; fileRef = BC86A9381D94B39C00E00C4A /* pinch@2x.png */; };
		BC86A93D1D94B39C00E00C4A /* pinch@3x.png in Resources */ = {isa = PBXBuildFile; fileRef = BC86A9391D94B39C00E00C4A /* pinch@3x.png */; };
		BC97D9AA1D9A9F520081BD35 /* AttractionModels.swift in Sources */ = {isa = PBXBuildFile; fileRef = BC97D9A91D9A9F520081BD35 /* AttractionModels.swift */; };
		BC97D9AC1D9AA4D60081BD35 /* AttractionNetworkManager.swift in Sources */ = {isa = PBXBuildFile; fileRef = BC97D9AB1D9AA4D60081BD35 /* AttractionNetworkManager.swift */; };
		BC97D9AE1D9AA6EB0081BD35 /* AttractionVC.swift in Sources */ = {isa = PBXBuildFile; fileRef = BC97D9AD1D9AA6EB0081BD35 /* AttractionVC.swift */; };
		BC97D9B11D9AA7740081BD35 /* AttractionCell.swift in Sources */ = {isa = PBXBuildFile; fileRef = BC97D9AF1D9AA7740081BD35 /* AttractionCell.swift */; };
		BC97D9B21D9AA7740081BD35 /* AttractionCell.xib in Resources */ = {isa = PBXBuildFile; fileRef = BC97D9B01D9AA7740081BD35 /* AttractionCell.xib */; };
		BC97D9B51D9AAE1C0081BD35 /* StarsBackground.png in Resources */ = {isa = PBXBuildFile; fileRef = BC97D9B31D9AAE1C0081BD35 /* StarsBackground.png */; };
		BC97D9B61D9AAE1C0081BD35 /* StarsForeground.png in Resources */ = {isa = PBXBuildFile; fileRef = BC97D9B41D9AAE1C0081BD35 /* StarsForeground.png */; };
		BCB2D77F1D917897005D887C /* Configration.swift in Sources */ = {isa = PBXBuildFile; fileRef = BCB2D77E1D917897005D887C /* Configration.swift */; };
		BCB2D7871D917AFC005D887C /* BaseRequest.swift in Sources */ = {isa = PBXBuildFile; fileRef = BCB2D7861D917AFC005D887C /* BaseRequest.swift */; };
		BCB2D7941D917EDE005D887C /* EarthVC.swift in Sources */ = {isa = PBXBuildFile; fileRef = BCB2D78F1D917EDE005D887C /* EarthVC.swift */; };
		BCB2D7951D917EDE005D887C /* HotCityVC.swift in Sources */ = {isa = PBXBuildFile; fileRef = BCB2D7911D917EDE005D887C /* HotCityVC.swift */; };
		BCB2D7961D917EDE005D887C /* MineVC.swift in Sources */ = {isa = PBXBuildFile; fileRef = BCB2D7931D917EDE005D887C /* MineVC.swift */; };
		BCB2D79A1D917F06005D887C /* BaseVC.swift in Sources */ = {isa = PBXBuildFile; fileRef = BCB2D7981D917F06005D887C /* BaseVC.swift */; };
		BCB2D79B1D917F06005D887C /* GEBaseVC.swift in Sources */ = {isa = PBXBuildFile; fileRef = BCB2D7991D917F06005D887C /* GEBaseVC.swift */; };
		BCB2D79D1D917F46005D887C /* GETBC.swift in Sources */ = {isa = PBXBuildFile; fileRef = BCB2D79C1D917F46005D887C /* GETBC.swift */; };
		BCD3E74E1D98AD7300362016 /* CityGuideVC.swift in Sources */ = {isa = PBXBuildFile; fileRef = BCD3E74C1D98AD7300362016 /* CityGuideVC.swift */; };
		BCD3E7521D98BA9600362016 /* CityGuideCell.swift in Sources */ = {isa = PBXBuildFile; fileRef = BCD3E7501D98BA9600362016 /* CityGuideCell.swift */; };
		BCD3E7531D98BA9600362016 /* CityGuideCell.xib in Resources */ = {isa = PBXBuildFile; fileRef = BCD3E7511D98BA9600362016 /* CityGuideCell.xib */; };
		BCD3E7561D98BD2B00362016 /* SectionViewCell.swift in Sources */ = {isa = PBXBuildFile; fileRef = BCD3E7541D98BD2B00362016 /* SectionViewCell.swift */; };
		BCD3E7571D98BD2B00362016 /* SectionViewCell.xib in Resources */ = {isa = PBXBuildFile; fileRef = BCD3E7551D98BD2B00362016 /* SectionViewCell.xib */; };
		BCE2F5781D97F34F00411A79 /* CountryCell.swift in Sources */ = {isa = PBXBuildFile; fileRef = BCE2F5761D97F34F00411A79 /* CountryCell.swift */; };
		BCE2F5791D97F34F00411A79 /* CountryCell.xib in Resources */ = {isa = PBXBuildFile; fileRef = BCE2F5771D97F34F00411A79 /* CountryCell.xib */; };
		BCE2F57B1D97F39600411A79 /* CountryVC.swift in Sources */ = {isa = PBXBuildFile; fileRef = BCE2F57A1D97F39600411A79 /* CountryVC.swift */; };
		BCE2F5821D97F97500411A79 /* CitysCell.swift in Sources */ = {isa = PBXBuildFile; fileRef = BCE2F5801D97F97500411A79 /* CitysCell.swift */; };
		BCE2F5831D97F97500411A79 /* CitysCell.xib in Resources */ = {isa = PBXBuildFile; fileRef = BCE2F5811D97F97500411A79 /* CitysCell.xib */; };
		BCEB6A4B1D954219005B146D /* ListView.swift in Sources */ = {isa = PBXBuildFile; fileRef = BCEB6A4A1D954219005B146D /* ListView.swift */; };
		BCFE4F081D940EDA00FAD80D /* 城市指南@2x.png in Resources */ = {isa = PBXBuildFile; fileRef = BCFE4EF41D940EDA00FAD80D /* 城市指南@2x.png */; };
		BCFE4F091D940EDA00FAD80D /* 城市指南@3x.png in Resources */ = {isa = PBXBuildFile; fileRef = BCFE4EF51D940EDA00FAD80D /* 城市指南@3x.png */; };
		BCFE4F0A1D940EDA00FAD80D /* 景点@2x.png in Resources */ = {isa = PBXBuildFile; fileRef = BCFE4EF61D940EDA00FAD80D /* 景点@2x.png */; };
		BCFE4F0B1D940EDA00FAD80D /* 景点@3x.png in Resources */ = {isa = PBXBuildFile; fileRef = BCFE4EF71D940EDA00FAD80D /* 景点@3x.png */; };
		BCFE4F0C1D940EDA00FAD80D /* 活动@2x.png in Resources */ = {isa = PBXBuildFile; fileRef = BCFE4EF81D940EDA00FAD80D /* 活动@2x.png */; };
		BCFE4F0D1D940EDA00FAD80D /* 活动@3x.png in Resources */ = {isa = PBXBuildFile; fileRef = BCFE4EF91D940EDA00FAD80D /* 活动@3x.png */; };
		BCFE4F0E1D940EDA00FAD80D /* 租车@2x.png in Resources */ = {isa = PBXBuildFile; fileRef = BCFE4EFA1D940EDA00FAD80D /* 租车@2x.png */; };
		BCFE4F0F1D940EDA00FAD80D /* 租车@3x.png in Resources */ = {isa = PBXBuildFile; fileRef = BCFE4EFB1D940EDA00FAD80D /* 租车@3x.png */; };
		BCFE4F101D940EDA00FAD80D /* 约伴@2x.png in Resources */ = {isa = PBXBuildFile; fileRef = BCFE4EFC1D940EDA00FAD80D /* 约伴@2x.png */; };
		BCFE4F111D940EDA00FAD80D /* 约伴@3x.png in Resources */ = {isa = PBXBuildFile; fileRef = BCFE4EFD1D940EDA00FAD80D /* 约伴@3x.png */; };
		BCFE4F121D940EDA00FAD80D /* 购物@2x.png in Resources */ = {isa = PBXBuildFile; fileRef = BCFE4EFE1D940EDA00FAD80D /* 购物@2x.png */; };
		BCFE4F131D940EDA00FAD80D /* 购物@3x.png in Resources */ = {isa = PBXBuildFile; fileRef = BCFE4EFF1D940EDA00FAD80D /* 购物@3x.png */; };
		BCFE4F141D940EDA00FAD80D /* 酒店@2x.png in Resources */ = {isa = PBXBuildFile; fileRef = BCFE4F001D940EDA00FAD80D /* 酒店@2x.png */; };
		BCFE4F151D940EDA00FAD80D /* 酒店@3x.png in Resources */ = {isa = PBXBuildFile; fileRef = BCFE4F011D940EDA00FAD80D /* 酒店@3x.png */; };
		BCFE4F161D940EDA00FAD80D /* 餐馆@2x.png in Resources */ = {isa = PBXBuildFile; fileRef = BCFE4F021D940EDA00FAD80D /* 餐馆@2x.png */; };
		BCFE4F171D940EDA00FAD80D /* 餐馆@3x.png in Resources */ = {isa = PBXBuildFile; fileRef = BCFE4F031D940EDA00FAD80D /* 餐馆@3x.png */; };
		BCFE4F181D940EDA00FAD80D /* back@2x.png in Resources */ = {isa = PBXBuildFile; fileRef = BCFE4F051D940EDA00FAD80D /* back@2x.png */; };
		BCFE4F191D940EDA00FAD80D /* back@3x.png in Resources */ = {isa = PBXBuildFile; fileRef = BCFE4F061D940EDA00FAD80D /* back@3x.png */; };
		BCFE4F1B1D9413E400FAD80D /* PartnerVC.swift in Sources */ = {isa = PBXBuildFile; fileRef = BCFE4F1A1D9413E400FAD80D /* PartnerVC.swift */; };
		BCFE4F1E1D9415AD00FAD80D /* PartnerTBC.swift in Sources */ = {isa = PBXBuildFile; fileRef = BCFE4F1C1D9415AD00FAD80D /* PartnerTBC.swift */; };
		BCFE4F1F1D9415AD00FAD80D /* PartnerTBC.xib in Resources */ = {isa = PBXBuildFile; fileRef = BCFE4F1D1D9415AD00FAD80D /* PartnerTBC.xib */; };
/* End PBXBuildFile section */

/* Begin PBXFileReference section */
		BC03D7791D9BA7BC009E11B2 /* stars_bgq.png */ = {isa = PBXFileReference; lastKnownFileType = image.png; path = stars_bgq.png; sourceTree = "<group>"; };
		BC03D77A1D9BA7BC009E11B2 /* stars_fg.png */ = {isa = PBXFileReference; lastKnownFileType = image.png; path = stars_fg.png; sourceTree = "<group>"; };
		BC03D77D1D9BAA1B009E11B2 /* stars_bgs.png */ = {isa = PBXFileReference; lastKnownFileType = image.png; path = stars_bgs.png; sourceTree = "<group>"; };
		BC03D77F1D9BAEDF009E11B2 /* AttractionDetailVC.swift */ = {isa = PBXFileReference; fileEncoding = 4; lastKnownFileType = sourcecode.swift; path = AttractionDetailVC.swift; sourceTree = "<group>"; };
		BC03D7831D9BECFC009E11B2 /* AttractionDetailView.swift */ = {isa = PBXFileReference; fileEncoding = 4; lastKnownFileType = sourcecode.swift; path = AttractionDetailView.swift; sourceTree = "<group>"; };
		BC03D7851D9BF79A009E11B2 /* AttractionTagsCell.swift */ = {isa = PBXFileReference; fileEncoding = 4; lastKnownFileType = sourcecode.swift; path = AttractionTagsCell.swift; sourceTree = "<group>"; };
		BC03D7861D9BF79A009E11B2 /* AttractionTagsCell.xib */ = {isa = PBXFileReference; fileEncoding = 4; lastKnownFileType = file.xib; path = AttractionTagsCell.xib; sourceTree = "<group>"; };
		BC03D7891D9BF9A9009E11B2 /* TagsCell.swift */ = {isa = PBXFileReference; fileEncoding = 4; lastKnownFileType = sourcecode.swift; path = TagsCell.swift; sourceTree = "<group>"; };
		BC03D78A1D9BF9A9009E11B2 /* TagsCell.xib */ = {isa = PBXFileReference; fileEncoding = 4; lastKnownFileType = file.xib; path = TagsCell.xib; sourceTree = "<group>"; };
		BC041DD31D9D4C42008709F1 /* PhotoListVC.swift */ = {isa = PBXFileReference; fileEncoding = 4; lastKnownFileType = sourcecode.swift; path = PhotoListVC.swift; sourceTree = "<group>"; };
		BC041DD41D9D4C42008709F1 /* PhotoListVC.xib */ = {isa = PBXFileReference; fileEncoding = 4; lastKnownFileType = file.xib; path = PhotoListVC.xib; sourceTree = "<group>"; };
		BC041DD71D9D4D42008709F1 /* AttractionPhotoListCell.swift */ = {isa = PBXFileReference; fileEncoding = 4; lastKnownFileType = sourcecode.swift; path = AttractionPhotoListCell.swift; sourceTree = "<group>"; };
		BC041DD81D9D4D42008709F1 /* AttractionPhotoListCell.xib */ = {isa = PBXFileReference; fileEncoding = 4; lastKnownFileType = file.xib; path = AttractionPhotoListCell.xib; sourceTree = "<group>"; };
		BC041DDB1D9D5C9A008709F1 /* CommentVC.swift */ = {isa = PBXFileReference; fileEncoding = 4; lastKnownFileType = sourcecode.swift; path = CommentVC.swift; sourceTree = "<group>"; };
		BC371B8B1D913448009E50E2 /* GoEarth.app */ = {isa = PBXFileReference; explicitFileType = wrapper.application; includeInIndex = 0; path = GoEarth.app; sourceTree = BUILT_PRODUCTS_DIR; };
		BC371B8E1D913448009E50E2 /* AppDelegate.swift */ = {isa = PBXFileReference; lastKnownFileType = sourcecode.swift; path = AppDelegate.swift; sourceTree = "<group>"; };
		BC371B901D913448009E50E2 /* ViewController.swift */ = {isa = PBXFileReference; lastKnownFileType = sourcecode.swift; path = ViewController.swift; sourceTree = "<group>"; };
		BC371B931D913448009E50E2 /* Base */ = {isa = PBXFileReference; lastKnownFileType = file.storyboard; name = Base; path = Base.lproj/Main.storyboard; sourceTree = "<group>"; };
		BC371B951D913448009E50E2 /* Assets.xcassets */ = {isa = PBXFileReference; lastKnownFileType = folder.assetcatalog; path = Assets.xcassets; sourceTree = "<group>"; };
		BC371B981D913448009E50E2 /* Base */ = {isa = PBXFileReference; lastKnownFileType = file.storyboard; name = Base; path = Base.lproj/LaunchScreen.storyboard; sourceTree = "<group>"; };
		BC371B9A1D913448009E50E2 /* Info.plist */ = {isa = PBXFileReference; lastKnownFileType = text.plist.xml; path = Info.plist; sourceTree = "<group>"; };
		BC371BA21D913460009E50E2 /* CycleImageCell.h */ = {isa = PBXFileReference; fileEncoding = 4; lastKnownFileType = sourcecode.c.h; path = CycleImageCell.h; sourceTree = "<group>"; };
		BC371BA31D913460009E50E2 /* CycleImageCell.m */ = {isa = PBXFileReference; fileEncoding = 4; lastKnownFileType = sourcecode.c.objc; path = CycleImageCell.m; sourceTree = "<group>"; };
		BC371BA41D913460009E50E2 /* XTADScrollView.h */ = {isa = PBXFileReference; fileEncoding = 4; lastKnownFileType = sourcecode.c.h; path = XTADScrollView.h; sourceTree = "<group>"; };
		BC371BA51D913460009E50E2 /* XTADScrollView.m */ = {isa = PBXFileReference; fileEncoding = 4; lastKnownFileType = sourcecode.c.objc; path = XTADScrollView.m; sourceTree = "<group>"; };
		BC371BA81D913460009E50E2 /* JSONModel.h */ = {isa = PBXFileReference; fileEncoding = 4; lastKnownFileType = sourcecode.c.h; path = JSONModel.h; sourceTree = "<group>"; };
		BC371BA91D913460009E50E2 /* JSONModel.m */ = {isa = PBXFileReference; fileEncoding = 4; lastKnownFileType = sourcecode.c.objc; path = JSONModel.m; sourceTree = "<group>"; };
		BC371BAA1D913460009E50E2 /* JSONModelClassProperty.h */ = {isa = PBXFileReference; fileEncoding = 4; lastKnownFileType = sourcecode.c.h; path = JSONModelClassProperty.h; sourceTree = "<group>"; };
		BC371BAB1D913460009E50E2 /* JSONModelClassProperty.m */ = {isa = PBXFileReference; fileEncoding = 4; lastKnownFileType = sourcecode.c.objc; path = JSONModelClassProperty.m; sourceTree = "<group>"; };
		BC371BAC1D913460009E50E2 /* JSONModelError.h */ = {isa = PBXFileReference; fileEncoding = 4; lastKnownFileType = sourcecode.c.h; path = JSONModelError.h; sourceTree = "<group>"; };
		BC371BAD1D913460009E50E2 /* JSONModelError.m */ = {isa = PBXFileReference; fileEncoding = 4; lastKnownFileType = sourcecode.c.objc; path = JSONModelError.m; sourceTree = "<group>"; };
		BC371BAE1D913460009E50E2 /* JSONModelLib.h */ = {isa = PBXFileReference; fileEncoding = 4; lastKnownFileType = sourcecode.c.h; path = JSONModelLib.h; sourceTree = "<group>"; };
		BC371BB01D913460009E50E2 /* JSONAPI.h */ = {isa = PBXFileReference; fileEncoding = 4; lastKnownFileType = sourcecode.c.h; path = JSONAPI.h; sourceTree = "<group>"; };
		BC371BB11D913460009E50E2 /* JSONAPI.m */ = {isa = PBXFileReference; fileEncoding = 4; lastKnownFileType = sourcecode.c.objc; path = JSONAPI.m; sourceTree = "<group>"; };
		BC371BB21D913460009E50E2 /* JSONHTTPClient.h */ = {isa = PBXFileReference; fileEncoding = 4; lastKnownFileType = sourcecode.c.h; path = JSONHTTPClient.h; sourceTree = "<group>"; };
		BC371BB31D913460009E50E2 /* JSONHTTPClient.m */ = {isa = PBXFileReference; fileEncoding = 4; lastKnownFileType = sourcecode.c.objc; path = JSONHTTPClient.m; sourceTree = "<group>"; };
		BC371BB41D913460009E50E2 /* JSONModel+networking.h */ = {isa = PBXFileReference; fileEncoding = 4; lastKnownFileType = sourcecode.c.h; path = "JSONModel+networking.h"; sourceTree = "<group>"; };
		BC371BB51D913460009E50E2 /* JSONModel+networking.m */ = {isa = PBXFileReference; fileEncoding = 4; lastKnownFileType = sourcecode.c.objc; path = "JSONModel+networking.m"; sourceTree = "<group>"; };
		BC371BB71D913460009E50E2 /* JSONKeyMapper.h */ = {isa = PBXFileReference; fileEncoding = 4; lastKnownFileType = sourcecode.c.h; path = JSONKeyMapper.h; sourceTree = "<group>"; };
		BC371BB81D913460009E50E2 /* JSONKeyMapper.m */ = {isa = PBXFileReference; fileEncoding = 4; lastKnownFileType = sourcecode.c.objc; path = JSONKeyMapper.m; sourceTree = "<group>"; };
		BC371BB91D913460009E50E2 /* JSONValueTransformer.h */ = {isa = PBXFileReference; fileEncoding = 4; lastKnownFileType = sourcecode.c.h; path = JSONValueTransformer.h; sourceTree = "<group>"; };
		BC371BBA1D913460009E50E2 /* JSONValueTransformer.m */ = {isa = PBXFileReference; fileEncoding = 4; lastKnownFileType = sourcecode.c.objc; path = JSONValueTransformer.m; sourceTree = "<group>"; };
		BC371BBC1D913460009E50E2 /* HDManager.h */ = {isa = PBXFileReference; fileEncoding = 4; lastKnownFileType = sourcecode.c.h; path = HDManager.h; sourceTree = "<group>"; };
		BC371BBD1D913460009E50E2 /* HDManager.m */ = {isa = PBXFileReference; fileEncoding = 4; lastKnownFileType = sourcecode.c.objc; path = HDManager.m; sourceTree = "<group>"; };
		BC371BBE1D913460009E50E2 /* MBProgressHUD.h */ = {isa = PBXFileReference; fileEncoding = 4; lastKnownFileType = sourcecode.c.h; path = MBProgressHUD.h; sourceTree = "<group>"; };
		BC371BBF1D913460009E50E2 /* MBProgressHUD.m */ = {isa = PBXFileReference; fileEncoding = 4; lastKnownFileType = sourcecode.c.objc; path = MBProgressHUD.m; sourceTree = "<group>"; };
		BC371BC21D913460009E50E2 /* MJRefreshAutoFooter.h */ = {isa = PBXFileReference; fileEncoding = 4; lastKnownFileType = sourcecode.c.h; path = MJRefreshAutoFooter.h; sourceTree = "<group>"; };
		BC371BC31D913460009E50E2 /* MJRefreshAutoFooter.m */ = {isa = PBXFileReference; fileEncoding = 4; lastKnownFileType = sourcecode.c.objc; path = MJRefreshAutoFooter.m; sourceTree = "<group>"; };
		BC371BC41D913460009E50E2 /* MJRefreshBackFooter.h */ = {isa = PBXFileReference; fileEncoding = 4; lastKnownFileType = sourcecode.c.h; path = MJRefreshBackFooter.h; sourceTree = "<group>"; };
		BC371BC51D913460009E50E2 /* MJRefreshBackFooter.m */ = {isa = PBXFileReference; fileEncoding = 4; lastKnownFileType = sourcecode.c.objc; path = MJRefreshBackFooter.m; sourceTree = "<group>"; };
		BC371BC61D913460009E50E2 /* MJRefreshComponent.h */ = {isa = PBXFileReference; fileEncoding = 4; lastKnownFileType = sourcecode.c.h; path = MJRefreshComponent.h; sourceTree = "<group>"; };
		BC371BC71D913460009E50E2 /* MJRefreshComponent.m */ = {isa = PBXFileReference; fileEncoding = 4; lastKnownFileType = sourcecode.c.objc; path = MJRefreshComponent.m; sourceTree = "<group>"; };
		BC371BC81D913460009E50E2 /* MJRefreshFooter.h */ = {isa = PBXFileReference; fileEncoding = 4; lastKnownFileType = sourcecode.c.h; path = MJRefreshFooter.h; sourceTree = "<group>"; };
		BC371BC91D913460009E50E2 /* MJRefreshFooter.m */ = {isa = PBXFileReference; fileEncoding = 4; lastKnownFileType = sourcecode.c.objc; path = MJRefreshFooter.m; sourceTree = "<group>"; };
		BC371BCA1D913460009E50E2 /* MJRefreshHeader.h */ = {isa = PBXFileReference; fileEncoding = 4; lastKnownFileType = sourcecode.c.h; path = MJRefreshHeader.h; sourceTree = "<group>"; };
		BC371BCB1D913460009E50E2 /* MJRefreshHeader.m */ = {isa = PBXFileReference; fileEncoding = 4; lastKnownFileType = sourcecode.c.objc; path = MJRefreshHeader.m; sourceTree = "<group>"; };
		BC371BCF1D913460009E50E2 /* MJRefreshAutoGifFooter.h */ = {isa = PBXFileReference; fileEncoding = 4; lastKnownFileType = sourcecode.c.h; path = MJRefreshAutoGifFooter.h; sourceTree = "<group>"; };
		BC371BD01D913460009E50E2 /* MJRefreshAutoGifFooter.m */ = {isa = PBXFileReference; fileEncoding = 4; lastKnownFileType = sourcecode.c.objc; path = MJRefreshAutoGifFooter.m; sourceTree = "<group>"; };
		BC371BD11D913460009E50E2 /* MJRefreshAutoNormalFooter.h */ = {isa = PBXFileReference; fileEncoding = 4; lastKnownFileType = sourcecode.c.h; path = MJRefreshAutoNormalFooter.h; sourceTree = "<group>"; };
		BC371BD21D913460009E50E2 /* MJRefreshAutoNormalFooter.m */ = {isa = PBXFileReference; fileEncoding = 4; lastKnownFileType = sourcecode.c.objc; path = MJRefreshAutoNormalFooter.m; sourceTree = "<group>"; };
		BC371BD31D913460009E50E2 /* MJRefreshAutoStateFooter.h */ = {isa = PBXFileReference; fileEncoding = 4; lastKnownFileType = sourcecode.c.h; path = MJRefreshAutoStateFooter.h; sourceTree = "<group>"; };
		BC371BD41D913460009E50E2 /* MJRefreshAutoStateFooter.m */ = {isa = PBXFileReference; fileEncoding = 4; lastKnownFileType = sourcecode.c.objc; path = MJRefreshAutoStateFooter.m; sourceTree = "<group>"; };
		BC371BD61D913460009E50E2 /* MJRefreshBackGifFooter.h */ = {isa = PBXFileReference; fileEncoding = 4; lastKnownFileType = sourcecode.c.h; path = MJRefreshBackGifFooter.h; sourceTree = "<group>"; };
		BC371BD71D913460009E50E2 /* MJRefreshBackGifFooter.m */ = {isa = PBXFileReference; fileEncoding = 4; lastKnownFileType = sourcecode.c.objc; path = MJRefreshBackGifFooter.m; sourceTree = "<group>"; };
		BC371BD81D913460009E50E2 /* MJRefreshBackNormalFooter.h */ = {isa = PBXFileReference; fileEncoding = 4; lastKnownFileType = sourcecode.c.h; path = MJRefreshBackNormalFooter.h; sourceTree = "<group>"; };
		BC371BD91D913460009E50E2 /* MJRefreshBackNormalFooter.m */ = {isa = PBXFileReference; fileEncoding = 4; lastKnownFileType = sourcecode.c.objc; path = MJRefreshBackNormalFooter.m; sourceTree = "<group>"; };
		BC371BDA1D913460009E50E2 /* MJRefreshBackStateFooter.h */ = {isa = PBXFileReference; fileEncoding = 4; lastKnownFileType = sourcecode.c.h; path = MJRefreshBackStateFooter.h; sourceTree = "<group>"; };
		BC371BDB1D913460009E50E2 /* MJRefreshBackStateFooter.m */ = {isa = PBXFileReference; fileEncoding = 4; lastKnownFileType = sourcecode.c.objc; path = MJRefreshBackStateFooter.m; sourceTree = "<group>"; };
		BC371BDD1D913460009E50E2 /* MJRefreshGifHeader.h */ = {isa = PBXFileReference; fileEncoding = 4; lastKnownFileType = sourcecode.c.h; path = MJRefreshGifHeader.h; sourceTree = "<group>"; };
		BC371BDE1D913460009E50E2 /* MJRefreshGifHeader.m */ = {isa = PBXFileReference; fileEncoding = 4; lastKnownFileType = sourcecode.c.objc; path = MJRefreshGifHeader.m; sourceTree = "<group>"; };
		BC371BDF1D913460009E50E2 /* MJRefreshNormalHeader.h */ = {isa = PBXFileReference; fileEncoding = 4; lastKnownFileType = sourcecode.c.h; path = MJRefreshNormalHeader.h; sourceTree = "<group>"; };
		BC371BE01D913460009E50E2 /* MJRefreshNormalHeader.m */ = {isa = PBXFileReference; fileEncoding = 4; lastKnownFileType = sourcecode.c.objc; path = MJRefreshNormalHeader.m; sourceTree = "<group>"; };
		BC371BE11D913460009E50E2 /* MJRefreshStateHeader.h */ = {isa = PBXFileReference; fileEncoding = 4; lastKnownFileType = sourcecode.c.h; path = MJRefreshStateHeader.h; sourceTree = "<group>"; };
		BC371BE21D913460009E50E2 /* MJRefreshStateHeader.m */ = {isa = PBXFileReference; fileEncoding = 4; lastKnownFileType = sourcecode.c.objc; path = MJRefreshStateHeader.m; sourceTree = "<group>"; };
		BC371BE31D913460009E50E2 /* MJRefresh.bundle */ = {isa = PBXFileReference; lastKnownFileType = "wrapper.plug-in"; path = MJRefresh.bundle; sourceTree = "<group>"; };
		BC371BE41D913460009E50E2 /* MJRefresh.h */ = {isa = PBXFileReference; fileEncoding = 4; lastKnownFileType = sourcecode.c.h; path = MJRefresh.h; sourceTree = "<group>"; };
		BC371BE51D913460009E50E2 /* MJRefreshConst.h */ = {isa = PBXFileReference; fileEncoding = 4; lastKnownFileType = sourcecode.c.h; path = MJRefreshConst.h; sourceTree = "<group>"; };
		BC371BE61D913460009E50E2 /* MJRefreshConst.m */ = {isa = PBXFileReference; fileEncoding = 4; lastKnownFileType = sourcecode.c.objc; path = MJRefreshConst.m; sourceTree = "<group>"; };
		BC371BE71D913460009E50E2 /* UIScrollView+MJExtension.h */ = {isa = PBXFileReference; fileEncoding = 4; lastKnownFileType = sourcecode.c.h; path = "UIScrollView+MJExtension.h"; sourceTree = "<group>"; };
		BC371BE81D913460009E50E2 /* UIScrollView+MJExtension.m */ = {isa = PBXFileReference; fileEncoding = 4; lastKnownFileType = sourcecode.c.objc; path = "UIScrollView+MJExtension.m"; sourceTree = "<group>"; };
		BC371BE91D913460009E50E2 /* UIScrollView+MJRefresh.h */ = {isa = PBXFileReference; fileEncoding = 4; lastKnownFileType = sourcecode.c.h; path = "UIScrollView+MJRefresh.h"; sourceTree = "<group>"; };
		BC371BEA1D913460009E50E2 /* UIScrollView+MJRefresh.m */ = {isa = PBXFileReference; fileEncoding = 4; lastKnownFileType = sourcecode.c.objc; path = "UIScrollView+MJRefresh.m"; sourceTree = "<group>"; };
		BC371BEB1D913460009E50E2 /* UIView+MJExtension.h */ = {isa = PBXFileReference; fileEncoding = 4; lastKnownFileType = sourcecode.c.h; path = "UIView+MJExtension.h"; sourceTree = "<group>"; };
		BC371BEC1D913460009E50E2 /* UIView+MJExtension.m */ = {isa = PBXFileReference; fileEncoding = 4; lastKnownFileType = sourcecode.c.objc; path = "UIView+MJExtension.m"; sourceTree = "<group>"; };
		BC371BF31D913460009E50E2 /* MKAnnotationView+WebCache.h */ = {isa = PBXFileReference; fileEncoding = 4; lastKnownFileType = sourcecode.c.h; path = "MKAnnotationView+WebCache.h"; sourceTree = "<group>"; };
		BC371BF41D913460009E50E2 /* MKAnnotationView+WebCache.m */ = {isa = PBXFileReference; fileEncoding = 4; lastKnownFileType = sourcecode.c.objc; path = "MKAnnotationView+WebCache.m"; sourceTree = "<group>"; };
		BC371BF51D913460009E50E2 /* NSData+ImageContentType.h */ = {isa = PBXFileReference; fileEncoding = 4; lastKnownFileType = sourcecode.c.h; path = "NSData+ImageContentType.h"; sourceTree = "<group>"; };
		BC371BF61D913460009E50E2 /* NSData+ImageContentType.m */ = {isa = PBXFileReference; fileEncoding = 4; lastKnownFileType = sourcecode.c.objc; path = "NSData+ImageContentType.m"; sourceTree = "<group>"; };
		BC371BF71D913460009E50E2 /* SDImageCache.h */ = {isa = PBXFileReference; fileEncoding = 4; lastKnownFileType = sourcecode.c.h; path = SDImageCache.h; sourceTree = "<group>"; };
		BC371BF81D913460009E50E2 /* SDImageCache.m */ = {isa = PBXFileReference; fileEncoding = 4; lastKnownFileType = sourcecode.c.objc; path = SDImageCache.m; sourceTree = "<group>"; };
		BC371BF91D913460009E50E2 /* SDWebImageCompat.h */ = {isa = PBXFileReference; fileEncoding = 4; lastKnownFileType = sourcecode.c.h; path = SDWebImageCompat.h; sourceTree = "<group>"; };
		BC371BFA1D913460009E50E2 /* SDWebImageCompat.m */ = {isa = PBXFileReference; fileEncoding = 4; lastKnownFileType = sourcecode.c.objc; path = SDWebImageCompat.m; sourceTree = "<group>"; };
		BC371BFB1D913460009E50E2 /* SDWebImageDecoder.h */ = {isa = PBXFileReference; fileEncoding = 4; lastKnownFileType = sourcecode.c.h; path = SDWebImageDecoder.h; sourceTree = "<group>"; };
		BC371BFC1D913460009E50E2 /* SDWebImageDecoder.m */ = {isa = PBXFileReference; fileEncoding = 4; lastKnownFileType = sourcecode.c.objc; path = SDWebImageDecoder.m; sourceTree = "<group>"; };
		BC371BFD1D913460009E50E2 /* SDWebImageDownloader.h */ = {isa = PBXFileReference; fileEncoding = 4; lastKnownFileType = sourcecode.c.h; path = SDWebImageDownloader.h; sourceTree = "<group>"; };
		BC371BFE1D913460009E50E2 /* SDWebImageDownloader.m */ = {isa = PBXFileReference; fileEncoding = 4; lastKnownFileType = sourcecode.c.objc; path = SDWebImageDownloader.m; sourceTree = "<group>"; };
		BC371BFF1D913460009E50E2 /* SDWebImageDownloaderOperation.h */ = {isa = PBXFileReference; fileEncoding = 4; lastKnownFileType = sourcecode.c.h; path = SDWebImageDownloaderOperation.h; sourceTree = "<group>"; };
		BC371C001D913460009E50E2 /* SDWebImageDownloaderOperation.m */ = {isa = PBXFileReference; fileEncoding = 4; lastKnownFileType = sourcecode.c.objc; path = SDWebImageDownloaderOperation.m; sourceTree = "<group>"; };
		BC371C011D913460009E50E2 /* SDWebImageManager.h */ = {isa = PBXFileReference; fileEncoding = 4; lastKnownFileType = sourcecode.c.h; path = SDWebImageManager.h; sourceTree = "<group>"; };
		BC371C021D913460009E50E2 /* SDWebImageManager.m */ = {isa = PBXFileReference; fileEncoding = 4; lastKnownFileType = sourcecode.c.objc; path = SDWebImageManager.m; sourceTree = "<group>"; };
		BC371C031D913460009E50E2 /* SDWebImageOperation.h */ = {isa = PBXFileReference; fileEncoding = 4; lastKnownFileType = sourcecode.c.h; path = SDWebImageOperation.h; sourceTree = "<group>"; };
		BC371C041D913460009E50E2 /* SDWebImagePrefetcher.h */ = {isa = PBXFileReference; fileEncoding = 4; lastKnownFileType = sourcecode.c.h; path = SDWebImagePrefetcher.h; sourceTree = "<group>"; };
		BC371C051D913460009E50E2 /* SDWebImagePrefetcher.m */ = {isa = PBXFileReference; fileEncoding = 4; lastKnownFileType = sourcecode.c.objc; path = SDWebImagePrefetcher.m; sourceTree = "<group>"; };
		BC371C061D913460009E50E2 /* UIButton+WebCache.h */ = {isa = PBXFileReference; fileEncoding = 4; lastKnownFileType = sourcecode.c.h; path = "UIButton+WebCache.h"; sourceTree = "<group>"; };
		BC371C071D913460009E50E2 /* UIButton+WebCache.m */ = {isa = PBXFileReference; fileEncoding = 4; lastKnownFileType = sourcecode.c.objc; path = "UIButton+WebCache.m"; sourceTree = "<group>"; };
		BC371C081D913460009E50E2 /* UIImage+GIF.h */ = {isa = PBXFileReference; fileEncoding = 4; lastKnownFileType = sourcecode.c.h; path = "UIImage+GIF.h"; sourceTree = "<group>"; };
		BC371C091D913460009E50E2 /* UIImage+GIF.m */ = {isa = PBXFileReference; fileEncoding = 4; lastKnownFileType = sourcecode.c.objc; path = "UIImage+GIF.m"; sourceTree = "<group>"; };
		BC371C0A1D913460009E50E2 /* UIImage+MultiFormat.h */ = {isa = PBXFileReference; fileEncoding = 4; lastKnownFileType = sourcecode.c.h; path = "UIImage+MultiFormat.h"; sourceTree = "<group>"; };
		BC371C0B1D913460009E50E2 /* UIImage+MultiFormat.m */ = {isa = PBXFileReference; fileEncoding = 4; lastKnownFileType = sourcecode.c.objc; path = "UIImage+MultiFormat.m"; sourceTree = "<group>"; };
		BC371C0C1D913460009E50E2 /* UIImage+WebP.h */ = {isa = PBXFileReference; fileEncoding = 4; lastKnownFileType = sourcecode.c.h; path = "UIImage+WebP.h"; sourceTree = "<group>"; };
		BC371C0D1D913460009E50E2 /* UIImage+WebP.m */ = {isa = PBXFileReference; fileEncoding = 4; lastKnownFileType = sourcecode.c.objc; path = "UIImage+WebP.m"; sourceTree = "<group>"; };
		BC371C0E1D913460009E50E2 /* UIImageView+HighlightedWebCache.h */ = {isa = PBXFileReference; fileEncoding = 4; lastKnownFileType = sourcecode.c.h; path = "UIImageView+HighlightedWebCache.h"; sourceTree = "<group>"; };
		BC371C0F1D913460009E50E2 /* UIImageView+HighlightedWebCache.m */ = {isa = PBXFileReference; fileEncoding = 4; lastKnownFileType = sourcecode.c.objc; path = "UIImageView+HighlightedWebCache.m"; sourceTree = "<group>"; };
		BC371C101D913460009E50E2 /* UIImageView+WebCache.h */ = {isa = PBXFileReference; fileEncoding = 4; lastKnownFileType = sourcecode.c.h; path = "UIImageView+WebCache.h"; sourceTree = "<group>"; };
		BC371C111D913460009E50E2 /* UIImageView+WebCache.m */ = {isa = PBXFileReference; fileEncoding = 4; lastKnownFileType = sourcecode.c.objc; path = "UIImageView+WebCache.m"; sourceTree = "<group>"; };
		BC371C121D913460009E50E2 /* UIView+WebCacheOperation.h */ = {isa = PBXFileReference; fileEncoding = 4; lastKnownFileType = sourcecode.c.h; path = "UIView+WebCacheOperation.h"; sourceTree = "<group>"; };
		BC371C131D913460009E50E2 /* UIView+WebCacheOperation.m */ = {isa = PBXFileReference; fileEncoding = 4; lastKnownFileType = sourcecode.c.objc; path = "UIView+WebCacheOperation.m"; sourceTree = "<group>"; };
		BC3BE4D61D97AE8900BD3A6A /* ContinentCell.swift */ = {isa = PBXFileReference; fileEncoding = 4; lastKnownFileType = sourcecode.swift; path = ContinentCell.swift; sourceTree = "<group>"; };
		BC3BE4DC1D97C0EC00BD3A6A /* ContinentNetworkManager.swift */ = {isa = PBXFileReference; fileEncoding = 4; lastKnownFileType = sourcecode.swift; path = ContinentNetworkManager.swift; sourceTree = "<group>"; };
		BC552E951DA3BCE100CFE302 /* 向上@2x.png */ = {isa = PBXFileReference; lastKnownFileType = image.png; path = "向上@2x.png"; sourceTree = "<group>"; };
		BC552E961DA3BCE100CFE302 /* 向上@3x.png */ = {isa = PBXFileReference; lastKnownFileType = image.png; path = "向上@3x.png"; sourceTree = "<group>"; };
		BC552E971DA3BCE100CFE302 /* 向下@2x.png */ = {isa = PBXFileReference; lastKnownFileType = image.png; path = "向下@2x.png"; sourceTree = "<group>"; };
		BC552E981DA3BCE100CFE302 /* 向下@3x.png */ = {isa = PBXFileReference; lastKnownFileType = image.png; path = "向下@3x.png"; sourceTree = "<group>"; };
		BC552E9F1DA3CEE200CFE302 /* nav_bg.png */ = {isa = PBXFileReference; lastKnownFileType = image.png; path = nav_bg.png; sourceTree = "<group>"; };
		BC552EA11DA3D42400CFE302 /* 热门城市A@2x.png */ = {isa = PBXFileReference; lastKnownFileType = image.png; path = "热门城市A@2x.png"; sourceTree = "<group>"; };
		BC552EA21DA3D42400CFE302 /* 热门城市B@2x.png */ = {isa = PBXFileReference; lastKnownFileType = image.png; path = "热门城市B@2x.png"; sourceTree = "<group>"; };
		BC552EA31DA3D42400CFE302 /* 我的A@2x.png */ = {isa = PBXFileReference; lastKnownFileType = image.png; path = "我的A@2x.png"; sourceTree = "<group>"; };
		BC552EA41DA3D42400CFE302 /* 我的B@2x.png */ = {isa = PBXFileReference; lastKnownFileType = image.png; path = "我的B@2x.png"; sourceTree = "<group>"; };
		BC552EA51DA3D42400CFE302 /* EarthA@2x.png */ = {isa = PBXFileReference; lastKnownFileType = image.png; path = "EarthA@2x.png"; sourceTree = "<group>"; };
		BC552EA61DA3D42400CFE302 /* EarthB@2x.png */ = {isa = PBXFileReference; lastKnownFileType = image.png; path = "EarthB@2x.png"; sourceTree = "<group>"; };
		BC552EAD1DA3D54500CFE302 /* 热门城市A@3x.png */ = {isa = PBXFileReference; lastKnownFileType = image.png; path = "热门城市A@3x.png"; sourceTree = "<group>"; };
		BC552EAE1DA3D54500CFE302 /* 热门城市B@3x.png */ = {isa = PBXFileReference; lastKnownFileType = image.png; path = "热门城市B@3x.png"; sourceTree = "<group>"; };
		BC552EAF1DA3D54500CFE302 /* 我的A@3x.png */ = {isa = PBXFileReference; lastKnownFileType = image.png; path = "我的A@3x.png"; sourceTree = "<group>"; };
		BC552EB01DA3D54500CFE302 /* 我的B@3x.png */ = {isa = PBXFileReference; lastKnownFileType = image.png; path = "我的B@3x.png"; sourceTree = "<group>"; };
		BC552EB11DA3D54500CFE302 /* EarthA@3x.png */ = {isa = PBXFileReference; lastKnownFileType = image.png; path = "EarthA@3x.png"; sourceTree = "<group>"; };
		BC552EB21DA3D54500CFE302 /* EarthB@3x.png */ = {isa = PBXFileReference; lastKnownFileType = image.png; path = "EarthB@3x.png"; sourceTree = "<group>"; };
		BC576D331D9373E10084ECB2 /* UIImage+FEBoxBlur.h */ = {isa = PBXFileReference; fileEncoding = 4; lastKnownFileType = sourcecode.c.h; path = "UIImage+FEBoxBlur.h"; sourceTree = "<group>"; };
		BC576D341D9373E10084ECB2 /* UIImage+FEBoxBlur.m */ = {isa = PBXFileReference; fileEncoding = 4; lastKnownFileType = sourcecode.c.objc; path = "UIImage+FEBoxBlur.m"; sourceTree = "<group>"; };
		BC576D3A1D9380350084ECB2 /* CityVC.swift */ = {isa = PBXFileReference; fileEncoding = 4; lastKnownFileType = sourcecode.swift; path = CityVC.swift; sourceTree = "<group>"; };
		BC576D3B1D9380350084ECB2 /* CityVC.xib */ = {isa = PBXFileReference; fileEncoding = 4; lastKnownFileType = file.xib; path = CityVC.xib; sourceTree = "<group>"; };
		BC647BE71D98F74A00D62DF4 /* CityGuideDetailVC.swift */ = {isa = PBXFileReference; fileEncoding = 4; lastKnownFileType = sourcecode.swift; path = CityGuideDetailVC.swift; sourceTree = "<group>"; };
		BC647BEA1D990A5500D62DF4 /* nav_back@3x.png */ = {isa = PBXFileReference; lastKnownFileType = image.png; path = "nav_back@3x.png"; sourceTree = "<group>"; };
		BC647BED1D99106F00D62DF4 /* nav_back@2x.png */ = {isa = PBXFileReference; lastKnownFileType = image.png; path = "nav_back@2x.png"; sourceTree = "<group>"; };
		BC647BEF1D99159500D62DF4 /* RentalCarVC.swift */ = {isa = PBXFileReference; fileEncoding = 4; lastKnownFileType = sourcecode.swift; path = RentalCarVC.swift; sourceTree = "<group>"; };
		BC647BF11D9916FF00D62DF4 /* NavBaseVC.swift */ = {isa = PBXFileReference; fileEncoding = 4; lastKnownFileType = sourcecode.swift; path = NavBaseVC.swift; sourceTree = "<group>"; };
		BC647BF31D991CE900D62DF4 /* RentalCarModels.swift */ = {isa = PBXFileReference; fileEncoding = 4; lastKnownFileType = sourcecode.swift; path = RentalCarModels.swift; sourceTree = "<group>"; };
		BC647BF51D991D0700D62DF4 /* RentalCarNetworkManager.swift */ = {isa = PBXFileReference; fileEncoding = 4; lastKnownFileType = sourcecode.swift; path = RentalCarNetworkManager.swift; sourceTree = "<group>"; };
		BC647BFD1D993A1600D62DF4 /* VehiclesCell.swift */ = {isa = PBXFileReference; fileEncoding = 4; lastKnownFileType = sourcecode.swift; path = VehiclesCell.swift; sourceTree = "<group>"; };
		BC647BFE1D993A1600D62DF4 /* VehiclesCell.xib */ = {isa = PBXFileReference; fileEncoding = 4; lastKnownFileType = file.xib; path = VehiclesCell.xib; sourceTree = "<group>"; };
		BC647C011D993CAA00D62DF4 /* SuppliersView.swift */ = {isa = PBXFileReference; fileEncoding = 4; lastKnownFileType = sourcecode.swift; path = SuppliersView.swift; sourceTree = "<group>"; };
		BC647C031D99566C00D62DF4 /* nav_message@2x.png */ = {isa = PBXFileReference; lastKnownFileType = image.png; path = "nav_message@2x.png"; sourceTree = "<group>"; };
		BC647C041D99566C00D62DF4 /* nav_message@3x.png */ = {isa = PBXFileReference; lastKnownFileType = image.png; path = "nav_message@3x.png"; sourceTree = "<group>"; };
		BC647C091D9958B100D62DF4 /* CompanyCompare.swift */ = {isa = PBXFileReference; fileEncoding = 4; lastKnownFileType = sourcecode.swift; path = CompanyCompare.swift; sourceTree = "<group>"; };
		BC647C0B1D995F9500D62DF4 /* CompanyCompareCell.swift */ = {isa = PBXFileReference; fileEncoding = 4; lastKnownFileType = sourcecode.swift; path = CompanyCompareCell.swift; sourceTree = "<group>"; };
		BC647C0C1D995F9500D62DF4 /* CompanyCompareCell.xib */ = {isa = PBXFileReference; fileEncoding = 4; lastKnownFileType = file.xib; path = CompanyCompareCell.xib; sourceTree = "<group>"; };
		BC7FACB11D92B3B80036A963 /* HexColor.swift */ = {isa = PBXFileReference; fileEncoding = 4; lastKnownFileType = sourcecode.swift; path = HexColor.swift; sourceTree = "<group>"; };
		BC7FACB51D92B8A80036A963 /* CityCell.swift */ = {isa = PBXFileReference; fileEncoding = 4; lastKnownFileType = sourcecode.swift; path = CityCell.swift; sourceTree = "<group>"; };
		BC7FACB61D92B8A80036A963 /* CityCell.xib */ = {isa = PBXFileReference; fileEncoding = 4; lastKnownFileType = file.xib; path = CityCell.xib; sourceTree = "<group>"; };
		BC7FACB91D92BA660036A963 /* CityModels.swift */ = {isa = PBXFileReference; fileEncoding = 4; lastKnownFileType = sourcecode.swift; path = CityModels.swift; sourceTree = "<group>"; };
		BC7FACBB1D92BD440036A963 /* CityNetworkManager.swift */ = {isa = PBXFileReference; fileEncoding = 4; lastKnownFileType = sourcecode.swift; path = CityNetworkManager.swift; sourceTree = "<group>"; };
		BC7FACC11D92C0310036A963 /* CountrysModels.swift */ = {isa = PBXFileReference; fileEncoding = 4; lastKnownFileType = sourcecode.swift; path = CountrysModels.swift; sourceTree = "<group>"; };
		BC85482E1D9DEF8C001957E1 /* CommentCell.swift */ = {isa = PBXFileReference; fileEncoding = 4; lastKnownFileType = sourcecode.swift; path = CommentCell.swift; sourceTree = "<group>"; };
		BC85482F1D9DEF8C001957E1 /* CommentCell.xib */ = {isa = PBXFileReference; fileEncoding = 4; lastKnownFileType = file.xib; path = CommentCell.xib; sourceTree = "<group>"; };
		BC86A9361D94B39C00E00C4A /* open_up@2x.png */ = {isa = PBXFileReference; lastKnownFileType = image.png; path = "open_up@2x.png"; sourceTree = "<group>"; };
		BC86A9371D94B39C00E00C4A /* open_up@3x.png */ = {isa = PBXFileReference; lastKnownFileType = image.png; path = "open_up@3x.png"; sourceTree = "<group>"; };
		BC86A9381D94B39C00E00C4A /* pinch@2x.png */ = {isa = PBXFileReference; lastKnownFileType = image.png; path = "pinch@2x.png"; sourceTree = "<group>"; };
		BC86A9391D94B39C00E00C4A /* pinch@3x.png */ = {isa = PBXFileReference; lastKnownFileType = image.png; path = "pinch@3x.png"; sourceTree = "<group>"; };
		BC97D9A91D9A9F520081BD35 /* AttractionModels.swift */ = {isa = PBXFileReference; fileEncoding = 4; lastKnownFileType = sourcecode.swift; path = AttractionModels.swift; sourceTree = "<group>"; };
		BC97D9AB1D9AA4D60081BD35 /* AttractionNetworkManager.swift */ = {isa = PBXFileReference; fileEncoding = 4; lastKnownFileType = sourcecode.swift; path = AttractionNetworkManager.swift; sourceTree = "<group>"; };
		BC97D9AD1D9AA6EB0081BD35 /* AttractionVC.swift */ = {isa = PBXFileReference; fileEncoding = 4; lastKnownFileType = sourcecode.swift; path = AttractionVC.swift; sourceTree = "<group>"; };
		BC97D9AF1D9AA7740081BD35 /* AttractionCell.swift */ = {isa = PBXFileReference; fileEncoding = 4; lastKnownFileType = sourcecode.swift; path = AttractionCell.swift; sourceTree = "<group>"; };
		BC97D9B01D9AA7740081BD35 /* AttractionCell.xib */ = {isa = PBXFileReference; fileEncoding = 4; lastKnownFileType = file.xib; path = AttractionCell.xib; sourceTree = "<group>"; };
		BC97D9B31D9AAE1C0081BD35 /* StarsBackground.png */ = {isa = PBXFileReference; lastKnownFileType = image.png; path = StarsBackground.png; sourceTree = "<group>"; };
		BC97D9B41D9AAE1C0081BD35 /* StarsForeground.png */ = {isa = PBXFileReference; lastKnownFileType = image.png; path = StarsForeground.png; sourceTree = "<group>"; };
		BCB2D77D1D9177A1005D887C /* GEBridgeHeader.h */ = {isa = PBXFileReference; lastKnownFileType = sourcecode.c.h; path = GEBridgeHeader.h; sourceTree = "<group>"; };
		BCB2D77E1D917897005D887C /* Configration.swift */ = {isa = PBXFileReference; fileEncoding = 4; lastKnownFileType = sourcecode.swift; path = Configration.swift; sourceTree = "<group>"; };
		BCB2D7861D917AFC005D887C /* BaseRequest.swift */ = {isa = PBXFileReference; fileEncoding = 4; lastKnownFileType = sourcecode.swift; path = BaseRequest.swift; sourceTree = "<group>"; };
		BCB2D78F1D917EDE005D887C /* EarthVC.swift */ = {isa = PBXFileReference; fileEncoding = 4; lastKnownFileType = sourcecode.swift; path = EarthVC.swift; sourceTree = "<group>"; };
		BCB2D7911D917EDE005D887C /* HotCityVC.swift */ = {isa = PBXFileReference; fileEncoding = 4; lastKnownFileType = sourcecode.swift; path = HotCityVC.swift; sourceTree = "<group>"; };
		BCB2D7931D917EDE005D887C /* MineVC.swift */ = {isa = PBXFileReference; fileEncoding = 4; lastKnownFileType = sourcecode.swift; path = MineVC.swift; sourceTree = "<group>"; };
		BCB2D7981D917F06005D887C /* BaseVC.swift */ = {isa = PBXFileReference; fileEncoding = 4; lastKnownFileType = sourcecode.swift; path = BaseVC.swift; sourceTree = "<group>"; };
		BCB2D7991D917F06005D887C /* GEBaseVC.swift */ = {isa = PBXFileReference; fileEncoding = 4; lastKnownFileType = sourcecode.swift; path = GEBaseVC.swift; sourceTree = "<group>"; };
		BCB2D79C1D917F46005D887C /* GETBC.swift */ = {isa = PBXFileReference; fileEncoding = 4; lastKnownFileType = sourcecode.swift; path = GETBC.swift; sourceTree = "<group>"; };
		BCD3E74C1D98AD7300362016 /* CityGuideVC.swift */ = {isa = PBXFileReference; fileEncoding = 4; lastKnownFileType = sourcecode.swift; path = CityGuideVC.swift; sourceTree = "<group>"; };
		BCD3E7501D98BA9600362016 /* CityGuideCell.swift */ = {isa = PBXFileReference; fileEncoding = 4; lastKnownFileType = sourcecode.swift; path = CityGuideCell.swift; sourceTree = "<group>"; };
		BCD3E7511D98BA9600362016 /* CityGuideCell.xib */ = {isa = PBXFileReference; fileEncoding = 4; lastKnownFileType = file.xib; path = CityGuideCell.xib; sourceTree = "<group>"; };
		BCD3E7541D98BD2B00362016 /* SectionViewCell.swift */ = {isa = PBXFileReference; fileEncoding = 4; lastKnownFileType = sourcecode.swift; path = SectionViewCell.swift; sourceTree = "<group>"; };
		BCD3E7551D98BD2B00362016 /* SectionViewCell.xib */ = {isa = PBXFileReference; fileEncoding = 4; lastKnownFileType = file.xib; path = SectionViewCell.xib; sourceTree = "<group>"; };
		BCE2F5761D97F34F00411A79 /* CountryCell.swift */ = {isa = PBXFileReference; fileEncoding = 4; lastKnownFileType = sourcecode.swift; path = CountryCell.swift; sourceTree = "<group>"; };
		BCE2F5771D97F34F00411A79 /* CountryCell.xib */ = {isa = PBXFileReference; fileEncoding = 4; lastKnownFileType = file.xib; path = CountryCell.xib; sourceTree = "<group>"; };
		BCE2F57A1D97F39600411A79 /* CountryVC.swift */ = {isa = PBXFileReference; fileEncoding = 4; lastKnownFileType = sourcecode.swift; path = CountryVC.swift; sourceTree = "<group>"; };
		BCE2F5801D97F97500411A79 /* CitysCell.swift */ = {isa = PBXFileReference; fileEncoding = 4; lastKnownFileType = sourcecode.swift; path = CitysCell.swift; sourceTree = "<group>"; };
		BCE2F5811D97F97500411A79 /* CitysCell.xib */ = {isa = PBXFileReference; fileEncoding = 4; lastKnownFileType = file.xib; path = CitysCell.xib; sourceTree = "<group>"; };
		BCEB6A4A1D954219005B146D /* ListView.swift */ = {isa = PBXFileReference; fileEncoding = 4; lastKnownFileType = sourcecode.swift; path = ListView.swift; sourceTree = "<group>"; };
		BCFE4EF41D940EDA00FAD80D /* 城市指南@2x.png */ = {isa = PBXFileReference; lastKnownFileType = image.png; path = "城市指南@2x.png"; sourceTree = "<group>"; };
		BCFE4EF51D940EDA00FAD80D /* 城市指南@3x.png */ = {isa = PBXFileReference; lastKnownFileType = image.png; path = "城市指南@3x.png"; sourceTree = "<group>"; };
		BCFE4EF61D940EDA00FAD80D /* 景点@2x.png */ = {isa = PBXFileReference; lastKnownFileType = image.png; path = "景点@2x.png"; sourceTree = "<group>"; };
		BCFE4EF71D940EDA00FAD80D /* 景点@3x.png */ = {isa = PBXFileReference; lastKnownFileType = image.png; path = "景点@3x.png"; sourceTree = "<group>"; };
		BCFE4EF81D940EDA00FAD80D /* 活动@2x.png */ = {isa = PBXFileReference; lastKnownFileType = image.png; path = "活动@2x.png"; sourceTree = "<group>"; };
		BCFE4EF91D940EDA00FAD80D /* 活动@3x.png */ = {isa = PBXFileReference; lastKnownFileType = image.png; path = "活动@3x.png"; sourceTree = "<group>"; };
		BCFE4EFA1D940EDA00FAD80D /* 租车@2x.png */ = {isa = PBXFileReference; lastKnownFileType = image.png; path = "租车@2x.png"; sourceTree = "<group>"; };
		BCFE4EFB1D940EDA00FAD80D /* 租车@3x.png */ = {isa = PBXFileReference; lastKnownFileType = image.png; path = "租车@3x.png"; sourceTree = "<group>"; };
		BCFE4EFC1D940EDA00FAD80D /* 约伴@2x.png */ = {isa = PBXFileReference; lastKnownFileType = image.png; path = "约伴@2x.png"; sourceTree = "<group>"; };
		BCFE4EFD1D940EDA00FAD80D /* 约伴@3x.png */ = {isa = PBXFileReference; lastKnownFileType = image.png; path = "约伴@3x.png"; sourceTree = "<group>"; };
		BCFE4EFE1D940EDA00FAD80D /* 购物@2x.png */ = {isa = PBXFileReference; lastKnownFileType = image.png; path = "购物@2x.png"; sourceTree = "<group>"; };
		BCFE4EFF1D940EDA00FAD80D /* 购物@3x.png */ = {isa = PBXFileReference; lastKnownFileType = image.png; path = "购物@3x.png"; sourceTree = "<group>"; };
		BCFE4F001D940EDA00FAD80D /* 酒店@2x.png */ = {isa = PBXFileReference; lastKnownFileType = image.png; path = "酒店@2x.png"; sourceTree = "<group>"; };
		BCFE4F011D940EDA00FAD80D /* 酒店@3x.png */ = {isa = PBXFileReference; lastKnownFileType = image.png; path = "酒店@3x.png"; sourceTree = "<group>"; };
		BCFE4F021D940EDA00FAD80D /* 餐馆@2x.png */ = {isa = PBXFileReference; lastKnownFileType = image.png; path = "餐馆@2x.png"; sourceTree = "<group>"; };
		BCFE4F031D940EDA00FAD80D /* 餐馆@3x.png */ = {isa = PBXFileReference; lastKnownFileType = image.png; path = "餐馆@3x.png"; sourceTree = "<group>"; };
		BCFE4F051D940EDA00FAD80D /* back@2x.png */ = {isa = PBXFileReference; lastKnownFileType = image.png; path = "back@2x.png"; sourceTree = "<group>"; };
		BCFE4F061D940EDA00FAD80D /* back@3x.png */ = {isa = PBXFileReference; lastKnownFileType = image.png; path = "back@3x.png"; sourceTree = "<group>"; };
		BCFE4F1A1D9413E400FAD80D /* PartnerVC.swift */ = {isa = PBXFileReference; fileEncoding = 4; lastKnownFileType = sourcecode.swift; path = PartnerVC.swift; sourceTree = "<group>"; };
		BCFE4F1C1D9415AD00FAD80D /* PartnerTBC.swift */ = {isa = PBXFileReference; fileEncoding = 4; lastKnownFileType = sourcecode.swift; path = PartnerTBC.swift; sourceTree = "<group>"; };
		BCFE4F1D1D9415AD00FAD80D /* PartnerTBC.xib */ = {isa = PBXFileReference; fileEncoding = 4; lastKnownFileType = file.xib; path = PartnerTBC.xib; sourceTree = "<group>"; };
/* End PBXFileReference section */

/* Begin PBXFrameworksBuildPhase section */
		BC371B881D913448009E50E2 /* Frameworks */ = {
			isa = PBXFrameworksBuildPhase;
			buildActionMask = 2147483647;
			files = (
			);
			runOnlyForDeploymentPostprocessing = 0;
		};
/* End PBXFrameworksBuildPhase section */

/* Begin PBXGroup section */
		BC371B821D913448009E50E2 = {
			isa = PBXGroup;
			children = (
				BC371C451D913505009E50E2 /* Common */,
				BC371C471D913505009E50E2 /* ViewController */,
				BC371B8D1D913448009E50E2 /* GoEarth */,
				BC371C461D913505009E50E2 /* Resource */,
				BC371BA01D913460009E50E2 /* ThirdLibrary */,
				BC371B8C1D913448009E50E2 /* Products */,
			);
			sourceTree = "<group>";
		};
		BC371B8C1D913448009E50E2 /* Products */ = {
			isa = PBXGroup;
			children = (
				BC371B8B1D913448009E50E2 /* GoEarth.app */,
			);
			name = Products;
			sourceTree = "<group>";
		};
		BC371B8D1D913448009E50E2 /* GoEarth */ = {
			isa = PBXGroup;
			children = (
				BC371B8E1D913448009E50E2 /* AppDelegate.swift */,
				BC371B901D913448009E50E2 /* ViewController.swift */,
				BC371B921D913448009E50E2 /* Main.storyboard */,
				BC371B951D913448009E50E2 /* Assets.xcassets */,
				BC371B971D913448009E50E2 /* LaunchScreen.storyboard */,
				BC371B9A1D913448009E50E2 /* Info.plist */,
			);
			path = GoEarth;
			sourceTree = "<group>";
		};
		BC371BA01D913460009E50E2 /* ThirdLibrary */ = {
			isa = PBXGroup;
			children = (
				BC576D321D9373E10084ECB2 /* UImage+FEBoxBlur */,
				BC371BA11D913460009E50E2 /* ADScrollView */,
				BC371BA61D913460009E50E2 /* JSONModel */,
				BC371BBB1D913460009E50E2 /* MBProgressHUD */,
				BC371BC01D913460009E50E2 /* MJRefresh */,
				BC371BF21D913460009E50E2 /* SDWebImage */,
			);
			path = ThirdLibrary;
			sourceTree = "<group>";
		};
		BC371BA11D913460009E50E2 /* ADScrollView */ = {
			isa = PBXGroup;
			children = (
				BC371BA21D913460009E50E2 /* CycleImageCell.h */,
				BC371BA31D913460009E50E2 /* CycleImageCell.m */,
				BC371BA41D913460009E50E2 /* XTADScrollView.h */,
				BC371BA51D913460009E50E2 /* XTADScrollView.m */,
			);
			path = ADScrollView;
			sourceTree = "<group>";
		};
		BC371BA61D913460009E50E2 /* JSONModel */ = {
			isa = PBXGroup;
			children = (
				BC371BA71D913460009E50E2 /* JSONModel */,
				BC371BAE1D913460009E50E2 /* JSONModelLib.h */,
				BC371BAF1D913460009E50E2 /* JSONModelNetworking */,
				BC371BB61D913460009E50E2 /* JSONModelTransformations */,
			);
			path = JSONModel;
			sourceTree = "<group>";
		};
		BC371BA71D913460009E50E2 /* JSONModel */ = {
			isa = PBXGroup;
			children = (
				BC371BA81D913460009E50E2 /* JSONModel.h */,
				BC371BA91D913460009E50E2 /* JSONModel.m */,
				BC371BAA1D913460009E50E2 /* JSONModelClassProperty.h */,
				BC371BAB1D913460009E50E2 /* JSONModelClassProperty.m */,
				BC371BAC1D913460009E50E2 /* JSONModelError.h */,
				BC371BAD1D913460009E50E2 /* JSONModelError.m */,
			);
			path = JSONModel;
			sourceTree = "<group>";
		};
		BC371BAF1D913460009E50E2 /* JSONModelNetworking */ = {
			isa = PBXGroup;
			children = (
				BC371BB01D913460009E50E2 /* JSONAPI.h */,
				BC371BB11D913460009E50E2 /* JSONAPI.m */,
				BC371BB21D913460009E50E2 /* JSONHTTPClient.h */,
				BC371BB31D913460009E50E2 /* JSONHTTPClient.m */,
				BC371BB41D913460009E50E2 /* JSONModel+networking.h */,
				BC371BB51D913460009E50E2 /* JSONModel+networking.m */,
			);
			path = JSONModelNetworking;
			sourceTree = "<group>";
		};
		BC371BB61D913460009E50E2 /* JSONModelTransformations */ = {
			isa = PBXGroup;
			children = (
				BC371BB71D913460009E50E2 /* JSONKeyMapper.h */,
				BC371BB81D913460009E50E2 /* JSONKeyMapper.m */,
				BC371BB91D913460009E50E2 /* JSONValueTransformer.h */,
				BC371BBA1D913460009E50E2 /* JSONValueTransformer.m */,
			);
			path = JSONModelTransformations;
			sourceTree = "<group>";
		};
		BC371BBB1D913460009E50E2 /* MBProgressHUD */ = {
			isa = PBXGroup;
			children = (
				BC371BBC1D913460009E50E2 /* HDManager.h */,
				BC371BBD1D913460009E50E2 /* HDManager.m */,
				BC371BBE1D913460009E50E2 /* MBProgressHUD.h */,
				BC371BBF1D913460009E50E2 /* MBProgressHUD.m */,
			);
			path = MBProgressHUD;
			sourceTree = "<group>";
		};
		BC371BC01D913460009E50E2 /* MJRefresh */ = {
			isa = PBXGroup;
			children = (
				BC371BC11D913460009E50E2 /* Base */,
				BC371BCC1D913460009E50E2 /* Custom */,
				BC371BE31D913460009E50E2 /* MJRefresh.bundle */,
				BC371BE41D913460009E50E2 /* MJRefresh.h */,
				BC371BE51D913460009E50E2 /* MJRefreshConst.h */,
				BC371BE61D913460009E50E2 /* MJRefreshConst.m */,
				BC371BE71D913460009E50E2 /* UIScrollView+MJExtension.h */,
				BC371BE81D913460009E50E2 /* UIScrollView+MJExtension.m */,
				BC371BE91D913460009E50E2 /* UIScrollView+MJRefresh.h */,
				BC371BEA1D913460009E50E2 /* UIScrollView+MJRefresh.m */,
				BC371BEB1D913460009E50E2 /* UIView+MJExtension.h */,
				BC371BEC1D913460009E50E2 /* UIView+MJExtension.m */,
			);
			path = MJRefresh;
			sourceTree = "<group>";
		};
		BC371BC11D913460009E50E2 /* Base */ = {
			isa = PBXGroup;
			children = (
				BC371BC21D913460009E50E2 /* MJRefreshAutoFooter.h */,
				BC371BC31D913460009E50E2 /* MJRefreshAutoFooter.m */,
				BC371BC41D913460009E50E2 /* MJRefreshBackFooter.h */,
				BC371BC51D913460009E50E2 /* MJRefreshBackFooter.m */,
				BC371BC61D913460009E50E2 /* MJRefreshComponent.h */,
				BC371BC71D913460009E50E2 /* MJRefreshComponent.m */,
				BC371BC81D913460009E50E2 /* MJRefreshFooter.h */,
				BC371BC91D913460009E50E2 /* MJRefreshFooter.m */,
				BC371BCA1D913460009E50E2 /* MJRefreshHeader.h */,
				BC371BCB1D913460009E50E2 /* MJRefreshHeader.m */,
			);
			path = Base;
			sourceTree = "<group>";
		};
		BC371BCC1D913460009E50E2 /* Custom */ = {
			isa = PBXGroup;
			children = (
				BC371BCD1D913460009E50E2 /* Footer */,
				BC371BDC1D913460009E50E2 /* Header */,
			);
			path = Custom;
			sourceTree = "<group>";
		};
		BC371BCD1D913460009E50E2 /* Footer */ = {
			isa = PBXGroup;
			children = (
				BC371BCE1D913460009E50E2 /* Auto */,
				BC371BD51D913460009E50E2 /* Back */,
			);
			path = Footer;
			sourceTree = "<group>";
		};
		BC371BCE1D913460009E50E2 /* Auto */ = {
			isa = PBXGroup;
			children = (
				BC371BCF1D913460009E50E2 /* MJRefreshAutoGifFooter.h */,
				BC371BD01D913460009E50E2 /* MJRefreshAutoGifFooter.m */,
				BC371BD11D913460009E50E2 /* MJRefreshAutoNormalFooter.h */,
				BC371BD21D913460009E50E2 /* MJRefreshAutoNormalFooter.m */,
				BC371BD31D913460009E50E2 /* MJRefreshAutoStateFooter.h */,
				BC371BD41D913460009E50E2 /* MJRefreshAutoStateFooter.m */,
			);
			path = Auto;
			sourceTree = "<group>";
		};
		BC371BD51D913460009E50E2 /* Back */ = {
			isa = PBXGroup;
			children = (
				BC371BD61D913460009E50E2 /* MJRefreshBackGifFooter.h */,
				BC371BD71D913460009E50E2 /* MJRefreshBackGifFooter.m */,
				BC371BD81D913460009E50E2 /* MJRefreshBackNormalFooter.h */,
				BC371BD91D913460009E50E2 /* MJRefreshBackNormalFooter.m */,
				BC371BDA1D913460009E50E2 /* MJRefreshBackStateFooter.h */,
				BC371BDB1D913460009E50E2 /* MJRefreshBackStateFooter.m */,
			);
			path = Back;
			sourceTree = "<group>";
		};
		BC371BDC1D913460009E50E2 /* Header */ = {
			isa = PBXGroup;
			children = (
				BC371BDD1D913460009E50E2 /* MJRefreshGifHeader.h */,
				BC371BDE1D913460009E50E2 /* MJRefreshGifHeader.m */,
				BC371BDF1D913460009E50E2 /* MJRefreshNormalHeader.h */,
				BC371BE01D913460009E50E2 /* MJRefreshNormalHeader.m */,
				BC371BE11D913460009E50E2 /* MJRefreshStateHeader.h */,
				BC371BE21D913460009E50E2 /* MJRefreshStateHeader.m */,
			);
			path = Header;
			sourceTree = "<group>";
		};
		BC371BF21D913460009E50E2 /* SDWebImage */ = {
			isa = PBXGroup;
			children = (
				BC371BF31D913460009E50E2 /* MKAnnotationView+WebCache.h */,
				BC371BF41D913460009E50E2 /* MKAnnotationView+WebCache.m */,
				BC371BF51D913460009E50E2 /* NSData+ImageContentType.h */,
				BC371BF61D913460009E50E2 /* NSData+ImageContentType.m */,
				BC371BF71D913460009E50E2 /* SDImageCache.h */,
				BC371BF81D913460009E50E2 /* SDImageCache.m */,
				BC371BF91D913460009E50E2 /* SDWebImageCompat.h */,
				BC371BFA1D913460009E50E2 /* SDWebImageCompat.m */,
				BC371BFB1D913460009E50E2 /* SDWebImageDecoder.h */,
				BC371BFC1D913460009E50E2 /* SDWebImageDecoder.m */,
				BC371BFD1D913460009E50E2 /* SDWebImageDownloader.h */,
				BC371BFE1D913460009E50E2 /* SDWebImageDownloader.m */,
				BC371BFF1D913460009E50E2 /* SDWebImageDownloaderOperation.h */,
				BC371C001D913460009E50E2 /* SDWebImageDownloaderOperation.m */,
				BC371C011D913460009E50E2 /* SDWebImageManager.h */,
				BC371C021D913460009E50E2 /* SDWebImageManager.m */,
				BC371C031D913460009E50E2 /* SDWebImageOperation.h */,
				BC371C041D913460009E50E2 /* SDWebImagePrefetcher.h */,
				BC371C051D913460009E50E2 /* SDWebImagePrefetcher.m */,
				BC371C061D913460009E50E2 /* UIButton+WebCache.h */,
				BC371C071D913460009E50E2 /* UIButton+WebCache.m */,
				BC371C081D913460009E50E2 /* UIImage+GIF.h */,
				BC371C091D913460009E50E2 /* UIImage+GIF.m */,
				BC371C0A1D913460009E50E2 /* UIImage+MultiFormat.h */,
				BC371C0B1D913460009E50E2 /* UIImage+MultiFormat.m */,
				BC371C0C1D913460009E50E2 /* UIImage+WebP.h */,
				BC371C0D1D913460009E50E2 /* UIImage+WebP.m */,
				BC371C0E1D913460009E50E2 /* UIImageView+HighlightedWebCache.h */,
				BC371C0F1D913460009E50E2 /* UIImageView+HighlightedWebCache.m */,
				BC371C101D913460009E50E2 /* UIImageView+WebCache.h */,
				BC371C111D913460009E50E2 /* UIImageView+WebCache.m */,
				BC371C121D913460009E50E2 /* UIView+WebCacheOperation.h */,
				BC371C131D913460009E50E2 /* UIView+WebCacheOperation.m */,
			);
			path = SDWebImage;
			sourceTree = "<group>";
		};
		BC371C451D913505009E50E2 /* Common */ = {
			isa = PBXGroup;
			children = (
				BCB2D7861D917AFC005D887C /* BaseRequest.swift */,
				BCB2D77D1D9177A1005D887C /* GEBridgeHeader.h */,
				BCB2D77E1D917897005D887C /* Configration.swift */,
				BC7FACB11D92B3B80036A963 /* HexColor.swift */,
			);
			path = Common;
			sourceTree = "<group>";
		};
		BC371C461D913505009E50E2 /* Resource */ = {
			isa = PBXGroup;
			children = (
				BCB2D79E1D9183B9005D887C /* images */,
			);
			path = Resource;
			sourceTree = "<group>";
		};
		BC371C471D913505009E50E2 /* ViewController */ = {
			isa = PBXGroup;
			children = (
				BCB2D7901D917EDE005D887C /* HotCity */,
				BCB2D78E1D917EDE005D887C /* Earth */,
				BCB2D7921D917EDE005D887C /* Mine */,
				BCB2D7971D917F06005D887C /* Base */,
			);
			path = ViewController;
			sourceTree = "<group>";
		};
		BC576D321D9373E10084ECB2 /* UImage+FEBoxBlur */ = {
			isa = PBXGroup;
			children = (
				BC576D331D9373E10084ECB2 /* UIImage+FEBoxBlur.h */,
				BC576D341D9373E10084ECB2 /* UIImage+FEBoxBlur.m */,
			);
			path = "UImage+FEBoxBlur";
			sourceTree = "<group>";
		};
		BC7FACB31D92B7780036A963 /* Model */ = {
			isa = PBXGroup;
			children = (
				BC7FACB91D92BA660036A963 /* CityModels.swift */,
				BC7FACBB1D92BD440036A963 /* CityNetworkManager.swift */,
				BC97D9A91D9A9F520081BD35 /* AttractionModels.swift */,
				BC97D9AB1D9AA4D60081BD35 /* AttractionNetworkManager.swift */,
				BC647BF31D991CE900D62DF4 /* RentalCarModels.swift */,
				BC647BF51D991D0700D62DF4 /* RentalCarNetworkManager.swift */,
			);
			path = Model;
			sourceTree = "<group>";
		};
		BC7FACB41D92B7780036A963 /* View */ = {
			isa = PBXGroup;
			children = (
				BC7FACB51D92B8A80036A963 /* CityCell.swift */,
				BC7FACB61D92B8A80036A963 /* CityCell.xib */,
				BC97D9AF1D9AA7740081BD35 /* AttractionCell.swift */,
				BC97D9B01D9AA7740081BD35 /* AttractionCell.xib */,
				BC041DD71D9D4D42008709F1 /* AttractionPhotoListCell.swift */,
				BC041DD81D9D4D42008709F1 /* AttractionPhotoListCell.xib */,
				BC03D7851D9BF79A009E11B2 /* AttractionTagsCell.swift */,
				BC03D7861D9BF79A009E11B2 /* AttractionTagsCell.xib */,
				BC03D7891D9BF9A9009E11B2 /* TagsCell.swift */,
				BC03D78A1D9BF9A9009E11B2 /* TagsCell.xib */,
				BC85482E1D9DEF8C001957E1 /* CommentCell.swift */,
				BC85482F1D9DEF8C001957E1 /* CommentCell.xib */,
				BC647BFD1D993A1600D62DF4 /* VehiclesCell.swift */,
				BC647BFE1D993A1600D62DF4 /* VehiclesCell.xib */,
				BC647C011D993CAA00D62DF4 /* SuppliersView.swift */,
				BC647C0B1D995F9500D62DF4 /* CompanyCompareCell.swift */,
				BC647C0C1D995F9500D62DF4 /* CompanyCompareCell.xib */,
				BCD3E7501D98BA9600362016 /* CityGuideCell.swift */,
				BCD3E7511D98BA9600362016 /* CityGuideCell.xib */,
				BCD3E7541D98BD2B00362016 /* SectionViewCell.swift */,
				BCD3E7551D98BD2B00362016 /* SectionViewCell.xib */,
				BCFE4F1C1D9415AD00FAD80D /* PartnerTBC.swift */,
				BCFE4F1D1D9415AD00FAD80D /* PartnerTBC.xib */,
			);
			path = View;
			sourceTree = "<group>";
		};
		BC7FACBD1D92BFA40036A963 /* Model */ = {
			isa = PBXGroup;
			children = (
				BC7FACC11D92C0310036A963 /* CountrysModels.swift */,
				BC3BE4DC1D97C0EC00BD3A6A /* ContinentNetworkManager.swift */,
			);
			path = Model;
			sourceTree = "<group>";
		};
		BC86A9351D94B39C00E00C4A /* icons */ = {
			isa = PBXGroup;
			children = (
				BC552E951DA3BCE100CFE302 /* 向上@2x.png */,
				BC552E961DA3BCE100CFE302 /* 向上@3x.png */,
				BC552E971DA3BCE100CFE302 /* 向下@2x.png */,
				BC552E981DA3BCE100CFE302 /* 向下@3x.png */,
				BC03D77D1D9BAA1B009E11B2 /* stars_bgs.png */,
				BC03D7791D9BA7BC009E11B2 /* stars_bgq.png */,
				BC03D77A1D9BA7BC009E11B2 /* stars_fg.png */,
				BC97D9B31D9AAE1C0081BD35 /* StarsBackground.png */,
				BC97D9B41D9AAE1C0081BD35 /* StarsForeground.png */,
				BC86A9361D94B39C00E00C4A /* open_up@2x.png */,
				BC86A9371D94B39C00E00C4A /* open_up@3x.png */,
				BC86A9381D94B39C00E00C4A /* pinch@2x.png */,
				BC86A9391D94B39C00E00C4A /* pinch@3x.png */,
			);
			path = icons;
			sourceTree = "<group>";
		};
		BCB2D78E1D917EDE005D887C /* Earth */ = {
			isa = PBXGroup;
			children = (
				BC7FACBD1D92BFA40036A963 /* Model */,
				BCEB6A491D954205005B146D /* View */,
				BCB2D78F1D917EDE005D887C /* EarthVC.swift */,
				BCE2F57A1D97F39600411A79 /* CountryVC.swift */,
			);
			path = Earth;
			sourceTree = "<group>";
		};
		BCB2D7901D917EDE005D887C /* HotCity */ = {
			isa = PBXGroup;
			children = (
				BC7FACB31D92B7780036A963 /* Model */,
				BC7FACB41D92B7780036A963 /* View */,
				BCB2D7911D917EDE005D887C /* HotCityVC.swift */,
				BC576D3A1D9380350084ECB2 /* CityVC.swift */,
				BC576D3B1D9380350084ECB2 /* CityVC.xib */,
				BC97D9AD1D9AA6EB0081BD35 /* AttractionVC.swift */,
				BC03D7831D9BECFC009E11B2 /* AttractionDetailView.swift */,
				BC03D77F1D9BAEDF009E11B2 /* AttractionDetailVC.swift */,
				BC041DD31D9D4C42008709F1 /* PhotoListVC.swift */,
				BC041DD41D9D4C42008709F1 /* PhotoListVC.xib */,
				BC041DDB1D9D5C9A008709F1 /* CommentVC.swift */,
				BC647BEF1D99159500D62DF4 /* RentalCarVC.swift */,
				BC647C091D9958B100D62DF4 /* CompanyCompare.swift */,
				BCD3E74C1D98AD7300362016 /* CityGuideVC.swift */,
				BC647BE71D98F74A00D62DF4 /* CityGuideDetailVC.swift */,
				BCFE4F1A1D9413E400FAD80D /* PartnerVC.swift */,
			);
			path = HotCity;
			sourceTree = "<group>";
		};
		BCB2D7921D917EDE005D887C /* Mine */ = {
			isa = PBXGroup;
			children = (
				BCB2D7931D917EDE005D887C /* MineVC.swift */,
			);
			path = Mine;
			sourceTree = "<group>";
		};
		BCB2D7971D917F06005D887C /* Base */ = {
			isa = PBXGroup;
			children = (
				BCB2D7981D917F06005D887C /* BaseVC.swift */,
				BCB2D7991D917F06005D887C /* GEBaseVC.swift */,
				BCB2D79C1D917F46005D887C /* GETBC.swift */,
				BC647BF11D9916FF00D62DF4 /* NavBaseVC.swift */,
			);
			path = Base;
			sourceTree = "<group>";
		};
		BCB2D79E1D9183B9005D887C /* images */ = {
			isa = PBXGroup;
			children = (
				BC86A9351D94B39C00E00C4A /* icons */,
				BCFE4EF21D940EDA00FAD80D /* cityicon */,
				BCFE4F041D940EDA00FAD80D /* Navi */,
				BCB2D7A01D9183B9005D887C /* tabbar */,
			);
			path = images;
			sourceTree = "<group>";
		};
		BCB2D7A01D9183B9005D887C /* tabbar */ = {
			isa = PBXGroup;
			children = (
				BC552EAD1DA3D54500CFE302 /* 热门城市A@3x.png */,
				BC552EAE1DA3D54500CFE302 /* 热门城市B@3x.png */,
				BC552EAF1DA3D54500CFE302 /* 我的A@3x.png */,
				BC552EB01DA3D54500CFE302 /* 我的B@3x.png */,
				BC552EB11DA3D54500CFE302 /* EarthA@3x.png */,
				BC552EB21DA3D54500CFE302 /* EarthB@3x.png */,
				BC552EA11DA3D42400CFE302 /* 热门城市A@2x.png */,
				BC552EA21DA3D42400CFE302 /* 热门城市B@2x.png */,
				BC552EA31DA3D42400CFE302 /* 我的A@2x.png */,
				BC552EA41DA3D42400CFE302 /* 我的B@2x.png */,
				BC552EA51DA3D42400CFE302 /* EarthA@2x.png */,
				BC552EA61DA3D42400CFE302 /* EarthB@2x.png */,
			);
			path = tabbar;
			sourceTree = "<group>";
		};
		BCE2F5751D97F34F00411A79 /* cell */ = {
			isa = PBXGroup;
			children = (
				BCE2F5761D97F34F00411A79 /* CountryCell.swift */,
				BCE2F5771D97F34F00411A79 /* CountryCell.xib */,
				BCE2F5801D97F97500411A79 /* CitysCell.swift */,
				BCE2F5811D97F97500411A79 /* CitysCell.xib */,
			);
			path = cell;
			sourceTree = "<group>";
		};
		BCEB6A491D954205005B146D /* View */ = {
			isa = PBXGroup;
			children = (
				BCE2F5751D97F34F00411A79 /* cell */,
				BCEB6A4A1D954219005B146D /* ListView.swift */,
				BC3BE4D61D97AE8900BD3A6A /* ContinentCell.swift */,
			);
			path = View;
			sourceTree = "<group>";
		};
		BCFE4EF21D940EDA00FAD80D /* cityicon */ = {
			isa = PBXGroup;
			children = (
				BCFE4EF41D940EDA00FAD80D /* 城市指南@2x.png */,
				BCFE4EF51D940EDA00FAD80D /* 城市指南@3x.png */,
				BCFE4EF61D940EDA00FAD80D /* 景点@2x.png */,
				BCFE4EF71D940EDA00FAD80D /* 景点@3x.png */,
				BCFE4EF81D940EDA00FAD80D /* 活动@2x.png */,
				BCFE4EF91D940EDA00FAD80D /* 活动@3x.png */,
				BCFE4EFA1D940EDA00FAD80D /* 租车@2x.png */,
				BCFE4EFB1D940EDA00FAD80D /* 租车@3x.png */,
				BCFE4EFC1D940EDA00FAD80D /* 约伴@2x.png */,
				BCFE4EFD1D940EDA00FAD80D /* 约伴@3x.png */,
				BCFE4EFE1D940EDA00FAD80D /* 购物@2x.png */,
				BCFE4EFF1D940EDA00FAD80D /* 购物@3x.png */,
				BCFE4F001D940EDA00FAD80D /* 酒店@2x.png */,
				BCFE4F011D940EDA00FAD80D /* 酒店@3x.png */,
				BCFE4F021D940EDA00FAD80D /* 餐馆@2x.png */,
				BCFE4F031D940EDA00FAD80D /* 餐馆@3x.png */,
			);
			path = cityicon;
			sourceTree = "<group>";
		};
		BCFE4F041D940EDA00FAD80D /* Navi */ = {
			isa = PBXGroup;
			children = (
				BC552E9F1DA3CEE200CFE302 /* nav_bg.png */,
				BC647BED1D99106F00D62DF4 /* nav_back@2x.png */,
				BC647BEA1D990A5500D62DF4 /* nav_back@3x.png */,
				BC647C031D99566C00D62DF4 /* nav_message@2x.png */,
				BC647C041D99566C00D62DF4 /* nav_message@3x.png */,
				BCFE4F051D940EDA00FAD80D /* back@2x.png */,
				BCFE4F061D940EDA00FAD80D /* back@3x.png */,
			);
			path = Navi;
			sourceTree = "<group>";
		};
/* End PBXGroup section */

/* Begin PBXNativeTarget section */
		BC371B8A1D913448009E50E2 /* GoEarth */ = {
			isa = PBXNativeTarget;
			buildConfigurationList = BC371B9D1D913448009E50E2 /* Build configuration list for PBXNativeTarget "GoEarth" */;
			buildPhases = (
				BC371B871D913448009E50E2 /* Sources */,
				BC371B881D913448009E50E2 /* Frameworks */,
				BC371B891D913448009E50E2 /* Resources */,
			);
			buildRules = (
			);
			dependencies = (
			);
			name = GoEarth;
			productName = GoEarth;
			productReference = BC371B8B1D913448009E50E2 /* GoEarth.app */;
			productType = "com.apple.product-type.application";
		};
/* End PBXNativeTarget section */

/* Begin PBXProject section */
		BC371B831D913448009E50E2 /* Project object */ = {
			isa = PBXProject;
			attributes = {
				LastSwiftUpdateCheck = 0730;
				LastUpgradeCheck = 0730;
				ORGANIZATIONNAME = u;
				TargetAttributes = {
					BC371B8A1D913448009E50E2 = {
						CreatedOnToolsVersion = 7.3.1;
						DevelopmentTeam = D22NSE5N4G;
					};
				};
			};
			buildConfigurationList = BC371B861D913448009E50E2 /* Build configuration list for PBXProject "GoEarth" */;
			compatibilityVersion = "Xcode 3.2";
			developmentRegion = English;
			hasScannedForEncodings = 0;
			knownRegions = (
				en,
				Base,
			);
			mainGroup = BC371B821D913448009E50E2;
			productRefGroup = BC371B8C1D913448009E50E2 /* Products */;
			projectDirPath = "";
			projectRoot = "";
			targets = (
				BC371B8A1D913448009E50E2 /* GoEarth */,
			);
		};
/* End PBXProject section */

/* Begin PBXResourcesBuildPhase section */
		BC371B891D913448009E50E2 /* Resources */ = {
			isa = PBXResourcesBuildPhase;
			buildActionMask = 2147483647;
			files = (
				BCFE4F171D940EDA00FAD80D /* 餐馆@3x.png in Resources */,
				BC552E9B1DA3BCE100CFE302 /* 向下@2x.png in Resources */,
				BC371B991D913448009E50E2 /* LaunchScreen.storyboard in Resources */,
				BC97D9B51D9AAE1C0081BD35 /* StarsBackground.png in Resources */,
				BC552E991DA3BCE100CFE302 /* 向上@2x.png in Resources */,
				BC647BEE1D99106F00D62DF4 /* nav_back@2x.png in Resources */,
				BC647C051D99566D00D62DF4 /* nav_message@2x.png in Resources */,
				BC647BEC1D990A5500D62DF4 /* nav_back@3x.png in Resources */,
				BCFE4F0E1D940EDA00FAD80D /* 租车@2x.png in Resources */,
				BC86A93D1D94B39C00E00C4A /* pinch@3x.png in Resources */,
				BC03D78C1D9BF9A9009E11B2 /* TagsCell.xib in Resources */,
				BC03D77B1D9BA7BC009E11B2 /* stars_bgq.png in Resources */,
				BC371B961D913448009E50E2 /* Assets.xcassets in Resources */,
				BC041DDA1D9D4D42008709F1 /* AttractionPhotoListCell.xib in Resources */,
				BC552EB81DA3D54500CFE302 /* EarthB@3x.png in Resources */,
				BCE2F5831D97F97500411A79 /* CitysCell.xib in Resources */,
				BC552EAB1DA3D42400CFE302 /* EarthA@2x.png in Resources */,
				BC552EA91DA3D42400CFE302 /* 我的A@2x.png in Resources */,
				BC552E9C1DA3BCE100CFE302 /* 向下@3x.png in Resources */,
				BCFE4F121D940EDA00FAD80D /* 购物@2x.png in Resources */,
				BCFE4F131D940EDA00FAD80D /* 购物@3x.png in Resources */,
				BC552EAA1DA3D42400CFE302 /* 我的B@2x.png in Resources */,
				BC552E9A1DA3BCE100CFE302 /* 向上@3x.png in Resources */,
				BC97D9B61D9AAE1C0081BD35 /* StarsForeground.png in Resources */,
				BCFE4F161D940EDA00FAD80D /* 餐馆@2x.png in Resources */,
				BC552EB71DA3D54500CFE302 /* EarthA@3x.png in Resources */,
				BCFE4F111D940EDA00FAD80D /* 约伴@3x.png in Resources */,
				BC647C0E1D995F9500D62DF4 /* CompanyCompareCell.xib in Resources */,
				BC552EB41DA3D54500CFE302 /* 热门城市B@3x.png in Resources */,
				BC552EA71DA3D42400CFE302 /* 热门城市A@2x.png in Resources */,
				BC552EB61DA3D54500CFE302 /* 我的B@3x.png in Resources */,
				BC371C2E1D913460009E50E2 /* MJRefresh.bundle in Resources */,
				BCFE4F081D940EDA00FAD80D /* 城市指南@2x.png in Resources */,
				BC552EA81DA3D42400CFE302 /* 热门城市B@2x.png in Resources */,
				BCFE4F191D940EDA00FAD80D /* back@3x.png in Resources */,
				BC647C001D993A1600D62DF4 /* VehiclesCell.xib in Resources */,
				BC7FACB81D92B8A80036A963 /* CityCell.xib in Resources */,
				BC03D77E1D9BAA1B009E11B2 /* stars_bgs.png in Resources */,
				BCFE4F091D940EDA00FAD80D /* 城市指南@3x.png in Resources */,
				BCFE4F141D940EDA00FAD80D /* 酒店@2x.png in Resources */,
				BC86A93A1D94B39C00E00C4A /* open_up@2x.png in Resources */,
				BC041DD61D9D4C42008709F1 /* PhotoListVC.xib in Resources */,
				BC8548311D9DEF8C001957E1 /* CommentCell.xib in Resources */,
				BC371B941D913448009E50E2 /* Main.storyboard in Resources */,
				BCFE4F0F1D940EDA00FAD80D /* 租车@3x.png in Resources */,
				BC86A93C1D94B39C00E00C4A /* pinch@2x.png in Resources */,
				BCD3E7571D98BD2B00362016 /* SectionViewCell.xib in Resources */,
				BC86A93B1D94B39C00E00C4A /* open_up@3x.png in Resources */,
				BCFE4F101D940EDA00FAD80D /* 约伴@2x.png in Resources */,
				BC03D77C1D9BA7BC009E11B2 /* stars_fg.png in Resources */,
				BCFE4F0A1D940EDA00FAD80D /* 景点@2x.png in Resources */,
				BCD3E7531D98BA9600362016 /* CityGuideCell.xib in Resources */,
				BCFE4F151D940EDA00FAD80D /* 酒店@3x.png in Resources */,
				BC97D9B21D9AA7740081BD35 /* AttractionCell.xib in Resources */,
				BCFE4F181D940EDA00FAD80D /* back@2x.png in Resources */,
				BC03D7881D9BF79A009E11B2 /* AttractionTagsCell.xib in Resources */,
				BC552EAC1DA3D42400CFE302 /* EarthB@2x.png in Resources */,
				BCE2F5791D97F34F00411A79 /* CountryCell.xib in Resources */,
				BC552EB31DA3D54500CFE302 /* 热门城市A@3x.png in Resources */,
				BC552EA01DA3CEE200CFE302 /* nav_bg.png in Resources */,
				BC647C061D99566D00D62DF4 /* nav_message@3x.png in Resources */,
				BCFE4F0C1D940EDA00FAD80D /* 活动@2x.png in Resources */,
				BC576D3D1D9380350084ECB2 /* CityVC.xib in Resources */,
				BCFE4F0B1D940EDA00FAD80D /* 景点@3x.png in Resources */,
				BCFE4F0D1D940EDA00FAD80D /* 活动@3x.png in Resources */,
				BC552EB51DA3D54500CFE302 /* 我的A@3x.png in Resources */,
				BCFE4F1F1D9415AD00FAD80D /* PartnerTBC.xib in Resources */,
			);
			runOnlyForDeploymentPostprocessing = 0;
		};
/* End PBXResourcesBuildPhase section */

/* Begin PBXSourcesBuildPhase section */
		BC371B871D913448009E50E2 /* Sources */ = {
			isa = PBXSourcesBuildPhase;
			buildActionMask = 2147483647;
			files = (
				BC8548301D9DEF8C001957E1 /* CommentCell.swift in Sources */,
				BC041DDC1D9D5C9A008709F1 /* CommentVC.swift in Sources */,
				BC371C2C1D913460009E50E2 /* MJRefreshNormalHeader.m in Sources */,
				BC97D9AE1D9AA6EB0081BD35 /* AttractionVC.swift in Sources */,
				BC371C221D913460009E50E2 /* MJRefreshComponent.m in Sources */,
				BC371C1A1D913460009E50E2 /* JSONHTTPClient.m in Sources */,
				BC647C0A1D9958B100D62DF4 /* CompanyCompare.swift in Sources */,
				BCB2D79D1D917F46005D887C /* GETBC.swift in Sources */,
				BC371C311D913460009E50E2 /* UIScrollView+MJRefresh.m in Sources */,
				BCB2D7941D917EDE005D887C /* EarthVC.swift in Sources */,
				BC371C191D913460009E50E2 /* JSONAPI.m in Sources */,
				BC03D78B1D9BF9A9009E11B2 /* TagsCell.swift in Sources */,
				BC371C141D913460009E50E2 /* CycleImageCell.m in Sources */,
				BCEB6A4B1D954219005B146D /* ListView.swift in Sources */,
				BC371C181D913460009E50E2 /* JSONModelError.m in Sources */,
				BC371C321D913460009E50E2 /* UIView+MJExtension.m in Sources */,
				BC97D9AC1D9AA4D60081BD35 /* AttractionNetworkManager.swift in Sources */,
				BC371C261D913460009E50E2 /* MJRefreshAutoNormalFooter.m in Sources */,
				BC041DD91D9D4D42008709F1 /* AttractionPhotoListCell.swift in Sources */,
				BC647BF21D9916FF00D62DF4 /* NavBaseVC.swift in Sources */,
				BC03D7801D9BAEDF009E11B2 /* AttractionDetailVC.swift in Sources */,
				BCB2D7961D917EDE005D887C /* MineVC.swift in Sources */,
				BC371C231D913460009E50E2 /* MJRefreshFooter.m in Sources */,
				BC371C1C1D913460009E50E2 /* JSONKeyMapper.m in Sources */,
				BC647BFF1D993A1600D62DF4 /* VehiclesCell.swift in Sources */,
				BC371C2D1D913460009E50E2 /* MJRefreshStateHeader.m in Sources */,
				BC371C441D913460009E50E2 /* UIView+WebCacheOperation.m in Sources */,
				BC371C251D913460009E50E2 /* MJRefreshAutoGifFooter.m in Sources */,
				BC03D7841D9BECFC009E11B2 /* AttractionDetailView.swift in Sources */,
				BC371C391D913460009E50E2 /* SDWebImageDecoder.m in Sources */,
				BC97D9AA1D9A9F520081BD35 /* AttractionModels.swift in Sources */,
				BC371B911D913448009E50E2 /* ViewController.swift in Sources */,
				BCB2D79A1D917F06005D887C /* BaseVC.swift in Sources */,
				BC371C3C1D913460009E50E2 /* SDWebImageManager.m in Sources */,
				BC371C211D913460009E50E2 /* MJRefreshBackFooter.m in Sources */,
				BC371C2A1D913460009E50E2 /* MJRefreshBackStateFooter.m in Sources */,
				BC371C421D913460009E50E2 /* UIImageView+HighlightedWebCache.m in Sources */,
				BCB2D77F1D917897005D887C /* Configration.swift in Sources */,
				BC371C3F1D913460009E50E2 /* UIImage+GIF.m in Sources */,
				BC371C2B1D913460009E50E2 /* MJRefreshGifHeader.m in Sources */,
				BCE2F5821D97F97500411A79 /* CitysCell.swift in Sources */,
				BC7FACC21D92C0310036A963 /* CountrysModels.swift in Sources */,
				BCB2D7871D917AFC005D887C /* BaseRequest.swift in Sources */,
				BC371C371D913460009E50E2 /* SDImageCache.m in Sources */,
				BC371C351D913460009E50E2 /* MKAnnotationView+WebCache.m in Sources */,
				BCFE4F1B1D9413E400FAD80D /* PartnerVC.swift in Sources */,
				BC371C3B1D913460009E50E2 /* SDWebImageDownloaderOperation.m in Sources */,
				BC03D7871D9BF79A009E11B2 /* AttractionTagsCell.swift in Sources */,
				BC371C151D913460009E50E2 /* XTADScrollView.m in Sources */,
				BC371B8F1D913448009E50E2 /* AppDelegate.swift in Sources */,
				BC647BE81D98F74A00D62DF4 /* CityGuideDetailVC.swift in Sources */,
				BC371C3E1D913460009E50E2 /* UIButton+WebCache.m in Sources */,
				BC7FACB21D92B3B80036A963 /* HexColor.swift in Sources */,
				BCB2D79B1D917F06005D887C /* GEBaseVC.swift in Sources */,
				BC647BF01D99159500D62DF4 /* RentalCarVC.swift in Sources */,
				BC371C1B1D913460009E50E2 /* JSONModel+networking.m in Sources */,
				BC371C3A1D913460009E50E2 /* SDWebImageDownloader.m in Sources */,
				BCFE4F1E1D9415AD00FAD80D /* PartnerTBC.swift in Sources */,
				BC576D3C1D9380350084ECB2 /* CityVC.swift in Sources */,
				BCD3E74E1D98AD7300362016 /* CityGuideVC.swift in Sources */,
				BC371C361D913460009E50E2 /* NSData+ImageContentType.m in Sources */,
				BC371C161D913460009E50E2 /* JSONModel.m in Sources */,
				BC041DD51D9D4C42008709F1 /* PhotoListVC.swift in Sources */,
				BC3BE4DD1D97C0EC00BD3A6A /* ContinentNetworkManager.swift in Sources */,
				BC7FACB71D92B8A80036A963 /* CityCell.swift in Sources */,
				BC647C0D1D995F9500D62DF4 /* CompanyCompareCell.swift in Sources */,
				BC647BF41D991CE900D62DF4 /* RentalCarModels.swift in Sources */,
				BCB2D7951D917EDE005D887C /* HotCityVC.swift in Sources */,
				BC371C201D913460009E50E2 /* MJRefreshAutoFooter.m in Sources */,
				BC97D9B11D9AA7740081BD35 /* AttractionCell.swift in Sources */,
				BC371C2F1D913460009E50E2 /* MJRefreshConst.m in Sources */,
				BC371C411D913460009E50E2 /* UIImage+WebP.m in Sources */,
				BC647C021D993CAA00D62DF4 /* SuppliersView.swift in Sources */,
				BC7FACBA1D92BA660036A963 /* CityModels.swift in Sources */,
				BC3BE4D71D97AE8900BD3A6A /* ContinentCell.swift in Sources */,
				BCD3E7521D98BA9600362016 /* CityGuideCell.swift in Sources */,
				BC371C281D913460009E50E2 /* MJRefreshBackGifFooter.m in Sources */,
				BC371C3D1D913460009E50E2 /* SDWebImagePrefetcher.m in Sources */,
				BC371C401D913460009E50E2 /* UIImage+MultiFormat.m in Sources */,
				BC7FACBC1D92BD440036A963 /* CityNetworkManager.swift in Sources */,
				BC371C381D913460009E50E2 /* SDWebImageCompat.m in Sources */,
				BC371C171D913460009E50E2 /* JSONModelClassProperty.m in Sources */,
				BC371C241D913460009E50E2 /* MJRefreshHeader.m in Sources */,
				BC371C301D913460009E50E2 /* UIScrollView+MJExtension.m in Sources */,
				BCE2F57B1D97F39600411A79 /* CountryVC.swift in Sources */,
				BCE2F5781D97F34F00411A79 /* CountryCell.swift in Sources */,
				BC371C271D913460009E50E2 /* MJRefreshAutoStateFooter.m in Sources */,
				BC371C1E1D913460009E50E2 /* HDManager.m in Sources */,
				BC371C291D913460009E50E2 /* MJRefreshBackNormalFooter.m in Sources */,
				BC371C431D913460009E50E2 /* UIImageView+WebCache.m in Sources */,
				BCD3E7561D98BD2B00362016 /* SectionViewCell.swift in Sources */,
				BC647BF61D991D0700D62DF4 /* RentalCarNetworkManager.swift in Sources */,
				BC371C1D1D913460009E50E2 /* JSONValueTransformer.m in Sources */,
				BC371C1F1D913460009E50E2 /* MBProgressHUD.m in Sources */,
				BC576D351D9373E10084ECB2 /* UIImage+FEBoxBlur.m in Sources */,
			);
			runOnlyForDeploymentPostprocessing = 0;
		};
/* End PBXSourcesBuildPhase section */

/* Begin PBXVariantGroup section */
		BC371B921D913448009E50E2 /* Main.storyboard */ = {
			isa = PBXVariantGroup;
			children = (
				BC371B931D913448009E50E2 /* Base */,
			);
			name = Main.storyboard;
			sourceTree = "<group>";
		};
		BC371B971D913448009E50E2 /* LaunchScreen.storyboard */ = {
			isa = PBXVariantGroup;
			children = (
				BC371B981D913448009E50E2 /* Base */,
			);
			name = LaunchScreen.storyboard;
			sourceTree = "<group>";
		};
/* End PBXVariantGroup section */

/* Begin XCBuildConfiguration section */
		BC371B9B1D913448009E50E2 /* Debug */ = {
			isa = XCBuildConfiguration;
			buildSettings = {
				ALWAYS_SEARCH_USER_PATHS = NO;
				CLANG_ANALYZER_NONNULL = YES;
				CLANG_CXX_LANGUAGE_STANDARD = "gnu++0x";
				CLANG_CXX_LIBRARY = "libc++";
				CLANG_ENABLE_MODULES = YES;
				CLANG_ENABLE_OBJC_ARC = YES;
				CLANG_WARN_BOOL_CONVERSION = YES;
				CLANG_WARN_CONSTANT_CONVERSION = YES;
				CLANG_WARN_DIRECT_OBJC_ISA_USAGE = YES_ERROR;
				CLANG_WARN_EMPTY_BODY = YES;
				CLANG_WARN_ENUM_CONVERSION = YES;
				CLANG_WARN_INT_CONVERSION = YES;
				CLANG_WARN_OBJC_ROOT_CLASS = YES_ERROR;
				CLANG_WARN_UNREACHABLE_CODE = YES;
				CLANG_WARN__DUPLICATE_METHOD_MATCH = YES;
				"CODE_SIGN_IDENTITY[sdk=iphoneos*]" = "iPhone Developer";
				COPY_PHASE_STRIP = NO;
				DEBUG_INFORMATION_FORMAT = dwarf;
				ENABLE_STRICT_OBJC_MSGSEND = YES;
				ENABLE_TESTABILITY = YES;
				GCC_C_LANGUAGE_STANDARD = gnu99;
				GCC_DYNAMIC_NO_PIC = NO;
				GCC_NO_COMMON_BLOCKS = YES;
				GCC_OPTIMIZATION_LEVEL = 0;
				GCC_PREPROCESSOR_DEFINITIONS = (
					"DEBUG=1",
					"$(inherited)",
				);
				GCC_WARN_64_TO_32_BIT_CONVERSION = YES;
				GCC_WARN_ABOUT_RETURN_TYPE = YES_ERROR;
				GCC_WARN_UNDECLARED_SELECTOR = YES;
				GCC_WARN_UNINITIALIZED_AUTOS = YES_AGGRESSIVE;
				GCC_WARN_UNUSED_FUNCTION = YES;
				GCC_WARN_UNUSED_VARIABLE = YES;
				IPHONEOS_DEPLOYMENT_TARGET = 9.3;
				MTL_ENABLE_DEBUG_INFO = YES;
				ONLY_ACTIVE_ARCH = YES;
				SDKROOT = iphoneos;
				SWIFT_OPTIMIZATION_LEVEL = "-Onone";
			};
			name = Debug;
		};
		BC371B9C1D913448009E50E2 /* Release */ = {
			isa = XCBuildConfiguration;
			buildSettings = {
				ALWAYS_SEARCH_USER_PATHS = NO;
				CLANG_ANALYZER_NONNULL = YES;
				CLANG_CXX_LANGUAGE_STANDARD = "gnu++0x";
				CLANG_CXX_LIBRARY = "libc++";
				CLANG_ENABLE_MODULES = YES;
				CLANG_ENABLE_OBJC_ARC = YES;
				CLANG_WARN_BOOL_CONVERSION = YES;
				CLANG_WARN_CONSTANT_CONVERSION = YES;
				CLANG_WARN_DIRECT_OBJC_ISA_USAGE = YES_ERROR;
				CLANG_WARN_EMPTY_BODY = YES;
				CLANG_WARN_ENUM_CONVERSION = YES;
				CLANG_WARN_INT_CONVERSION = YES;
				CLANG_WARN_OBJC_ROOT_CLASS = YES_ERROR;
				CLANG_WARN_UNREACHABLE_CODE = YES;
				CLANG_WARN__DUPLICATE_METHOD_MATCH = YES;
				"CODE_SIGN_IDENTITY[sdk=iphoneos*]" = "iPhone Developer";
				COPY_PHASE_STRIP = NO;
				DEBUG_INFORMATION_FORMAT = "dwarf-with-dsym";
				ENABLE_NS_ASSERTIONS = NO;
				ENABLE_STRICT_OBJC_MSGSEND = YES;
				GCC_C_LANGUAGE_STANDARD = gnu99;
				GCC_NO_COMMON_BLOCKS = YES;
				GCC_WARN_64_TO_32_BIT_CONVERSION = YES;
				GCC_WARN_ABOUT_RETURN_TYPE = YES_ERROR;
				GCC_WARN_UNDECLARED_SELECTOR = YES;
				GCC_WARN_UNINITIALIZED_AUTOS = YES_AGGRESSIVE;
				GCC_WARN_UNUSED_FUNCTION = YES;
				GCC_WARN_UNUSED_VARIABLE = YES;
				IPHONEOS_DEPLOYMENT_TARGET = 9.3;
				MTL_ENABLE_DEBUG_INFO = NO;
				SDKROOT = iphoneos;
				VALIDATE_PRODUCT = YES;
			};
			name = Release;
		};
		BC371B9E1D913448009E50E2 /* Debug */ = {
			isa = XCBuildConfiguration;
			buildSettings = {
				ASSETCATALOG_COMPILER_APPICON_NAME = AppIcon;
				CODE_SIGN_IDENTITY = "iPhone Developer";
				"CODE_SIGN_IDENTITY[sdk=iphoneos*]" = "iPhone Developer";
				INFOPLIST_FILE = GoEarth/Info.plist;
				LD_RUNPATH_SEARCH_PATHS = "$(inherited) @executable_path/Frameworks";
				PRODUCT_BUNDLE_IDENTIFIER = com.Cq.GoEarth;
				PRODUCT_NAME = "$(TARGET_NAME)";
				PROVISIONING_PROFILE = "";
				SWIFT_OBJC_BRIDGING_HEADER = Common/GEBridgeHeader.h;
			};
			name = Debug;
		};
		BC371B9F1D913448009E50E2 /* Release */ = {
			isa = XCBuildConfiguration;
			buildSettings = {
				ASSETCATALOG_COMPILER_APPICON_NAME = AppIcon;
				CODE_SIGN_IDENTITY = "iPhone Developer";
				"CODE_SIGN_IDENTITY[sdk=iphoneos*]" = "iPhone Developer";
				INFOPLIST_FILE = GoEarth/Info.plist;
				LD_RUNPATH_SEARCH_PATHS = "$(inherited) @executable_path/Frameworks";
				PRODUCT_BUNDLE_IDENTIFIER = com.Cq.GoEarth;
				PRODUCT_NAME = "$(TARGET_NAME)";
				PROVISIONING_PROFILE = "";
				SWIFT_OBJC_BRIDGING_HEADER = Common/GEBridgeHeader.h;
			};
			name = Release;
		};
/* End XCBuildConfiguration section */

/* Begin XCConfigurationList section */
		BC371B861D913448009E50E2 /* Build configuration list for PBXProject "GoEarth" */ = {
			isa = XCConfigurationList;
			buildConfigurations = (
				BC371B9B1D913448009E50E2 /* Debug */,
				BC371B9C1D913448009E50E2 /* Release */,
			);
			defaultConfigurationIsVisible = 0;
			defaultConfigurationName = Release;
		};
		BC371B9D1D913448009E50E2 /* Build configuration list for PBXNativeTarget "GoEarth" */ = {
			isa = XCConfigurationList;
			buildConfigurations = (
				BC371B9E1D913448009E50E2 /* Debug */,
				BC371B9F1D913448009E50E2 /* Release */,
			);
			defaultConfigurationIsVisible = 0;
			defaultConfigurationName = Release;
		};
/* End XCConfigurationList section */
	};
	rootObject = BC371B831D913448009E50E2 /* Project object */;
}
